// !$*UTF8*$!
{
	archiveVersion = 1;
	classes = {
	};
	objectVersion = 46;
	objects = {

/* Begin PBXBuildFile section */
		012A8EE77D6542FA88FD35DA /* Pods_Transport4Church.framework in Frameworks */ = {isa = PBXBuildFile; fileRef = F73B70F7C5683DCD966CE3CB /* Pods_Transport4Church.framework */; };
		04283A351D5D1DB90053D1D2 /* DriverRequestListController.swift in Sources */ = {isa = PBXBuildFile; fileRef = 04283A341D5D1DB90053D1D2 /* DriverRequestListController.swift */; };
		042B42341D6887BE008CBFE0 /* ParseServer.swift in Sources */ = {isa = PBXBuildFile; fileRef = 042B42331D6887BE008CBFE0 /* ParseServer.swift */; };
		042B42371D68BE0F008CBFE0 /* DaoManager.swift in Sources */ = {isa = PBXBuildFile; fileRef = 042B42361D68BE0F008CBFE0 /* DaoManager.swift */; };
		042B42391D68D908008CBFE0 /* UserRepo.swift in Sources */ = {isa = PBXBuildFile; fileRef = 042B42381D68D908008CBFE0 /* UserRepo.swift */; };
		042B423B1D6B6D86008CBFE0 /* TripRepo.swift in Sources */ = {isa = PBXBuildFile; fileRef = 042B423A1D6B6D86008CBFE0 /* TripRepo.swift */; };
		048552841D7DEF8D00F7B9B6 /* Helper.swift in Sources */ = {isa = PBXBuildFile; fileRef = 048552831D7DEF8D00F7B9B6 /* Helper.swift */; };
		04986AE51D9888AF00796E9E /* SocketIOViewController.swift in Sources */ = {isa = PBXBuildFile; fileRef = 04986AE41D9888AF00796E9E /* SocketIOViewController.swift */; };
		04DD3C1A1D57A72C00DEBB32 /* AppDelegate.swift in Sources */ = {isa = PBXBuildFile; fileRef = 04DD3C191D57A72C00DEBB32 /* AppDelegate.swift */; };
		04DD3C221D57A72C00DEBB32 /* Transport4Church.xcdatamodeld in Sources */ = {isa = PBXBuildFile; fileRef = 04DD3C201D57A72C00DEBB32 /* Transport4Church.xcdatamodeld */; };
		04DD3C241D57A72C00DEBB32 /* Assets.xcassets in Resources */ = {isa = PBXBuildFile; fileRef = 04DD3C231D57A72C00DEBB32 /* Assets.xcassets */; };
		04DD3C271D57A72C00DEBB32 /* LaunchScreen.storyboard in Resources */ = {isa = PBXBuildFile; fileRef = 04DD3C251D57A72C00DEBB32 /* LaunchScreen.storyboard */; };
		04DD3C321D57A72C00DEBB32 /* Transport4ChurchTests.swift in Sources */ = {isa = PBXBuildFile; fileRef = 04DD3C311D57A72C00DEBB32 /* Transport4ChurchTests.swift */; };
		04DD3C3D1D57A72C00DEBB32 /* Transport4ChurchUITests.swift in Sources */ = {isa = PBXBuildFile; fileRef = 04DD3C3C1D57A72C00DEBB32 /* Transport4ChurchUITests.swift */; };
		04DD3C4B1D57A88E00DEBB32 /* UIViewExtension.swift in Sources */ = {isa = PBXBuildFile; fileRef = 04DD3C4A1D57A88E00DEBB32 /* UIViewExtension.swift */; };
		04DD3C4D1D5909B700DEBB32 /* EditProfileViewController.swift in Sources */ = {isa = PBXBuildFile; fileRef = 04DD3C4C1D5909B700DEBB32 /* EditProfileViewController.swift */; };
		04DD3C4F1D591C8500DEBB32 /* RiderPickupController.swift in Sources */ = {isa = PBXBuildFile; fileRef = 04DD3C4E1D591C8500DEBB32 /* RiderPickupController.swift */; };
		431CF3D81D67269A00898CD7 /* MenuViewController.swift in Sources */ = {isa = PBXBuildFile; fileRef = 431CF3D71D67269A00898CD7 /* MenuViewController.swift */; };
		431CF3DA1D6EF2F500898CD7 /* MenuItem.swift in Sources */ = {isa = PBXBuildFile; fileRef = 431CF3D91D6EF2F500898CD7 /* MenuItem.swift */; };
		431CF3DC1D6F493200898CD7 /* MenuActions.swift in Sources */ = {isa = PBXBuildFile; fileRef = 431CF3DB1D6F493200898CD7 /* MenuActions.swift */; };
		4341B9301D82F6770092A633 /* ProfileViewController.swift in Sources */ = {isa = PBXBuildFile; fileRef = 4341B92F1D82F6770092A633 /* ProfileViewController.swift */; };
		4341B9321D8304140092A633 /* AuthViewController.swift in Sources */ = {isa = PBXBuildFile; fileRef = 4341B9311D8304140092A633 /* AuthViewController.swift */; };
		43632A051D5B62F700AD3B75 /* ConfirmPickupFormController.swift in Sources */ = {isa = PBXBuildFile; fileRef = 43632A041D5B62F700AD3B75 /* ConfirmPickupFormController.swift */; };
		43632A071D5B786800AD3B75 /* Trip.swift in Sources */ = {isa = PBXBuildFile; fileRef = 43632A061D5B786800AD3B75 /* Trip.swift */; };
		43632A091D5B811600AD3B75 /* FormButton.swift in Sources */ = {isa = PBXBuildFile; fileRef = 43632A081D5B811600AD3B75 /* FormButton.swift */; };
		43632A0E1D5CCBCC00AD3B75 /* User.swift in Sources */ = {isa = PBXBuildFile; fileRef = 43632A0D1D5CCBCC00AD3B75 /* User.swift */; };
		43632A121D61DB7700AD3B75 /* RiderPickupDelegates.swift in Sources */ = {isa = PBXBuildFile; fileRef = 43632A111D61DB7700AD3B75 /* RiderPickupDelegates.swift */; };
		43632A141D61F51100AD3B75 /* Address.swift in Sources */ = {isa = PBXBuildFile; fileRef = 43632A131D61F51100AD3B75 /* Address.swift */; };
		43632A161D62154900AD3B75 /* Rider.swift in Sources */ = {isa = PBXBuildFile; fileRef = 43632A151D62154900AD3B75 /* Rider.swift */; };
		43632A181D62155200AD3B75 /* Driver.swift in Sources */ = {isa = PBXBuildFile; fileRef = 43632A171D62155200AD3B75 /* Driver.swift */; };
		43632A1A1D63269A00AD3B75 /* LocationHelper.swift in Sources */ = {isa = PBXBuildFile; fileRef = 43632A191D63269A00AD3B75 /* LocationHelper.swift */; };
		43973CE31D8976CF00C17C0B /* DriverTripViewController.swift in Sources */ = {isa = PBXBuildFile; fileRef = 43973CE21D8976CF00C17C0B /* DriverTripViewController.swift */; };
		43973CE51D89777500C17C0B /* DriverTripViewDelegates.swift in Sources */ = {isa = PBXBuildFile; fileRef = 43973CE41D89777500C17C0B /* DriverTripViewDelegates.swift */; };
		439EF20A1D8C3DD700304BD4 /* RiderTripDetailController.swift in Sources */ = {isa = PBXBuildFile; fileRef = 439EF2091D8C3DD700304BD4 /* RiderTripDetailController.swift */; };
		43E383771D5A38EF0014DED2 /* LocationResultsController.swift in Sources */ = {isa = PBXBuildFile; fileRef = 43E383761D5A38EF0014DED2 /* LocationResultsController.swift */; };
		5C8FD09C1C5742BD4E1A1B3A /* Pods_Transport4ChurchUITests.framework in Frameworks */ = {isa = PBXBuildFile; fileRef = A06AC66EA98212B148B5F9F3 /* Pods_Transport4ChurchUITests.framework */; };
		EEBA8C5F48F313FF8D8F2C13 /* Pods_Transport4ChurchTests.framework in Frameworks */ = {isa = PBXBuildFile; fileRef = A037E83601376A66496BDCA1 /* Pods_Transport4ChurchTests.framework */; };
/* End PBXBuildFile section */

/* Begin PBXContainerItemProxy section */
		04DD3C2E1D57A72C00DEBB32 /* PBXContainerItemProxy */ = {
			isa = PBXContainerItemProxy;
			containerPortal = 04DD3C0E1D57A72C00DEBB32 /* Project object */;
			proxyType = 1;
			remoteGlobalIDString = 04DD3C151D57A72C00DEBB32;
			remoteInfo = Transport4Church;
		};
		04DD3C391D57A72C00DEBB32 /* PBXContainerItemProxy */ = {
			isa = PBXContainerItemProxy;
			containerPortal = 04DD3C0E1D57A72C00DEBB32 /* Project object */;
			proxyType = 1;
			remoteGlobalIDString = 04DD3C151D57A72C00DEBB32;
			remoteInfo = Transport4Church;
		};
/* End PBXContainerItemProxy section */

/* Begin PBXFileReference section */
		04283A341D5D1DB90053D1D2 /* DriverRequestListController.swift */ = {isa = PBXFileReference; fileEncoding = 4; lastKnownFileType = sourcecode.swift; path = DriverRequestListController.swift; sourceTree = "<group>"; };
		042B42331D6887BE008CBFE0 /* ParseServer.swift */ = {isa = PBXFileReference; fileEncoding = 4; lastKnownFileType = sourcecode.swift; path = ParseServer.swift; sourceTree = "<group>"; };
		042B42361D68BE0F008CBFE0 /* DaoManager.swift */ = {isa = PBXFileReference; fileEncoding = 4; lastKnownFileType = sourcecode.swift; path = DaoManager.swift; sourceTree = "<group>"; };
		042B42381D68D908008CBFE0 /* UserRepo.swift */ = {isa = PBXFileReference; fileEncoding = 4; lastKnownFileType = sourcecode.swift; path = UserRepo.swift; sourceTree = "<group>"; };
		042B423A1D6B6D86008CBFE0 /* TripRepo.swift */ = {isa = PBXFileReference; fileEncoding = 4; lastKnownFileType = sourcecode.swift; path = TripRepo.swift; sourceTree = "<group>"; };
		048552831D7DEF8D00F7B9B6 /* Helper.swift */ = {isa = PBXFileReference; fileEncoding = 4; lastKnownFileType = sourcecode.swift; path = Helper.swift; sourceTree = "<group>"; };
		04986AE41D9888AF00796E9E /* SocketIOViewController.swift */ = {isa = PBXFileReference; fileEncoding = 4; lastKnownFileType = sourcecode.swift; path = SocketIOViewController.swift; sourceTree = "<group>"; };
		04DD3C161D57A72C00DEBB32 /* Transport4Church.app */ = {isa = PBXFileReference; explicitFileType = wrapper.application; includeInIndex = 0; path = Transport4Church.app; sourceTree = BUILT_PRODUCTS_DIR; };
		04DD3C191D57A72C00DEBB32 /* AppDelegate.swift */ = {isa = PBXFileReference; lastKnownFileType = sourcecode.swift; path = AppDelegate.swift; sourceTree = "<group>"; };
		04DD3C211D57A72C00DEBB32 /* Transport4Church.xcdatamodel */ = {isa = PBXFileReference; lastKnownFileType = wrapper.xcdatamodel; path = Transport4Church.xcdatamodel; sourceTree = "<group>"; };
		04DD3C231D57A72C00DEBB32 /* Assets.xcassets */ = {isa = PBXFileReference; lastKnownFileType = folder.assetcatalog; path = Assets.xcassets; sourceTree = "<group>"; };
		04DD3C261D57A72C00DEBB32 /* Base */ = {isa = PBXFileReference; lastKnownFileType = file.storyboard; name = Base; path = Base.lproj/LaunchScreen.storyboard; sourceTree = "<group>"; };
		04DD3C281D57A72C00DEBB32 /* Info.plist */ = {isa = PBXFileReference; lastKnownFileType = text.plist.xml; path = Info.plist; sourceTree = "<group>"; };
		04DD3C2D1D57A72C00DEBB32 /* Transport4ChurchTests.xctest */ = {isa = PBXFileReference; explicitFileType = wrapper.cfbundle; includeInIndex = 0; path = Transport4ChurchTests.xctest; sourceTree = BUILT_PRODUCTS_DIR; };
		04DD3C311D57A72C00DEBB32 /* Transport4ChurchTests.swift */ = {isa = PBXFileReference; lastKnownFileType = sourcecode.swift; path = Transport4ChurchTests.swift; sourceTree = "<group>"; };
		04DD3C331D57A72C00DEBB32 /* Info.plist */ = {isa = PBXFileReference; lastKnownFileType = text.plist.xml; path = Info.plist; sourceTree = "<group>"; };
		04DD3C381D57A72C00DEBB32 /* Transport4ChurchUITests.xctest */ = {isa = PBXFileReference; explicitFileType = wrapper.cfbundle; includeInIndex = 0; path = Transport4ChurchUITests.xctest; sourceTree = BUILT_PRODUCTS_DIR; };
		04DD3C3C1D57A72C00DEBB32 /* Transport4ChurchUITests.swift */ = {isa = PBXFileReference; lastKnownFileType = sourcecode.swift; path = Transport4ChurchUITests.swift; sourceTree = "<group>"; };
		04DD3C3E1D57A72C00DEBB32 /* Info.plist */ = {isa = PBXFileReference; lastKnownFileType = text.plist.xml; path = Info.plist; sourceTree = "<group>"; };
		04DD3C4A1D57A88E00DEBB32 /* UIViewExtension.swift */ = {isa = PBXFileReference; fileEncoding = 4; lastKnownFileType = sourcecode.swift; path = UIViewExtension.swift; sourceTree = "<group>"; };
		04DD3C4C1D5909B700DEBB32 /* EditProfileViewController.swift */ = {isa = PBXFileReference; fileEncoding = 4; lastKnownFileType = sourcecode.swift; path = EditProfileViewController.swift; sourceTree = "<group>"; };
		04DD3C4E1D591C8500DEBB32 /* RiderPickupController.swift */ = {isa = PBXFileReference; fileEncoding = 4; lastKnownFileType = sourcecode.swift; path = RiderPickupController.swift; sourceTree = "<group>"; };
		1D141164A79898C712AAD20F /* Pods-Transport4Church.debug.xcconfig */ = {isa = PBXFileReference; includeInIndex = 1; lastKnownFileType = text.xcconfig; name = "Pods-Transport4Church.debug.xcconfig"; path = "Pods/Target Support Files/Pods-Transport4Church/Pods-Transport4Church.debug.xcconfig"; sourceTree = "<group>"; };
		39419231E5C68A0756CEB512 /* Pods-Transport4ChurchTests.release.xcconfig */ = {isa = PBXFileReference; includeInIndex = 1; lastKnownFileType = text.xcconfig; name = "Pods-Transport4ChurchTests.release.xcconfig"; path = "Pods/Target Support Files/Pods-Transport4ChurchTests/Pods-Transport4ChurchTests.release.xcconfig"; sourceTree = "<group>"; };
		431CF3D71D67269A00898CD7 /* MenuViewController.swift */ = {isa = PBXFileReference; fileEncoding = 4; lastKnownFileType = sourcecode.swift; path = MenuViewController.swift; sourceTree = "<group>"; };
		431CF3D91D6EF2F500898CD7 /* MenuItem.swift */ = {isa = PBXFileReference; fileEncoding = 4; lastKnownFileType = sourcecode.swift; path = MenuItem.swift; sourceTree = "<group>"; };
		431CF3DB1D6F493200898CD7 /* MenuActions.swift */ = {isa = PBXFileReference; fileEncoding = 4; lastKnownFileType = sourcecode.swift; path = MenuActions.swift; sourceTree = "<group>"; };
		4341B92F1D82F6770092A633 /* ProfileViewController.swift */ = {isa = PBXFileReference; fileEncoding = 4; lastKnownFileType = sourcecode.swift; path = ProfileViewController.swift; sourceTree = "<group>"; };
		4341B9311D8304140092A633 /* AuthViewController.swift */ = {isa = PBXFileReference; fileEncoding = 4; lastKnownFileType = sourcecode.swift; path = AuthViewController.swift; sourceTree = "<group>"; };
		43632A041D5B62F700AD3B75 /* ConfirmPickupFormController.swift */ = {isa = PBXFileReference; fileEncoding = 4; lastKnownFileType = sourcecode.swift; path = ConfirmPickupFormController.swift; sourceTree = "<group>"; };
		43632A061D5B786800AD3B75 /* Trip.swift */ = {isa = PBXFileReference; fileEncoding = 4; lastKnownFileType = sourcecode.swift; path = Trip.swift; sourceTree = "<group>"; };
		43632A081D5B811600AD3B75 /* FormButton.swift */ = {isa = PBXFileReference; fileEncoding = 4; lastKnownFileType = sourcecode.swift; path = FormButton.swift; sourceTree = "<group>"; };
		43632A0D1D5CCBCC00AD3B75 /* User.swift */ = {isa = PBXFileReference; fileEncoding = 4; lastKnownFileType = sourcecode.swift; path = User.swift; sourceTree = "<group>"; };
		43632A111D61DB7700AD3B75 /* RiderPickupDelegates.swift */ = {isa = PBXFileReference; fileEncoding = 4; lastKnownFileType = sourcecode.swift; path = RiderPickupDelegates.swift; sourceTree = "<group>"; };
		43632A131D61F51100AD3B75 /* Address.swift */ = {isa = PBXFileReference; fileEncoding = 4; lastKnownFileType = sourcecode.swift; path = Address.swift; sourceTree = "<group>"; };
		43632A151D62154900AD3B75 /* Rider.swift */ = {isa = PBXFileReference; fileEncoding = 4; lastKnownFileType = sourcecode.swift; path = Rider.swift; sourceTree = "<group>"; };
		43632A171D62155200AD3B75 /* Driver.swift */ = {isa = PBXFileReference; fileEncoding = 4; lastKnownFileType = sourcecode.swift; path = Driver.swift; sourceTree = "<group>"; };
		43632A191D63269A00AD3B75 /* LocationHelper.swift */ = {isa = PBXFileReference; fileEncoding = 4; lastKnownFileType = sourcecode.swift; path = LocationHelper.swift; sourceTree = "<group>"; };
		43973CE21D8976CF00C17C0B /* DriverTripViewController.swift */ = {isa = PBXFileReference; fileEncoding = 4; lastKnownFileType = sourcecode.swift; path = DriverTripViewController.swift; sourceTree = "<group>"; };
		43973CE41D89777500C17C0B /* DriverTripViewDelegates.swift */ = {isa = PBXFileReference; fileEncoding = 4; lastKnownFileType = sourcecode.swift; path = DriverTripViewDelegates.swift; sourceTree = "<group>"; };
		439EF2091D8C3DD700304BD4 /* RiderTripDetailController.swift */ = {isa = PBXFileReference; fileEncoding = 4; lastKnownFileType = sourcecode.swift; path = RiderTripDetailController.swift; sourceTree = "<group>"; };
		43A72E641D75BB54002F3B65 /* Parse.framework */ = {isa = PBXFileReference; lastKnownFileType = wrapper.framework; name = Parse.framework; path = "../../../Library/Developer/Xcode/DerivedData/Transport4Church-gccuimlyhmdulufbuospzakbdhuy/Build/Products/Debug-iphoneos/Parse/Parse.framework"; sourceTree = "<group>"; };
		43E383711D5A1F2E0014DED2 /* Transport4Church-Bridging-Header.h */ = {isa = PBXFileReference; lastKnownFileType = sourcecode.c.h; path = "Transport4Church-Bridging-Header.h"; sourceTree = "<group>"; };
		43E383761D5A38EF0014DED2 /* LocationResultsController.swift */ = {isa = PBXFileReference; fileEncoding = 4; lastKnownFileType = sourcecode.swift; path = LocationResultsController.swift; sourceTree = "<group>"; };
		4D097C7AEE7071D7C1A8762B /* Pods-Transport4ChurchUITests.release.xcconfig */ = {isa = PBXFileReference; includeInIndex = 1; lastKnownFileType = text.xcconfig; name = "Pods-Transport4ChurchUITests.release.xcconfig"; path = "Pods/Target Support Files/Pods-Transport4ChurchUITests/Pods-Transport4ChurchUITests.release.xcconfig"; sourceTree = "<group>"; };
		652E2430E14FC30321700582 /* Pods-Transport4ChurchTests.debug.xcconfig */ = {isa = PBXFileReference; includeInIndex = 1; lastKnownFileType = text.xcconfig; name = "Pods-Transport4ChurchTests.debug.xcconfig"; path = "Pods/Target Support Files/Pods-Transport4ChurchTests/Pods-Transport4ChurchTests.debug.xcconfig"; sourceTree = "<group>"; };
		8729AA4786011058EBCD3BE3 /* Pods-Transport4ChurchUITests.debug.xcconfig */ = {isa = PBXFileReference; includeInIndex = 1; lastKnownFileType = text.xcconfig; name = "Pods-Transport4ChurchUITests.debug.xcconfig"; path = "Pods/Target Support Files/Pods-Transport4ChurchUITests/Pods-Transport4ChurchUITests.debug.xcconfig"; sourceTree = "<group>"; };
		A037E83601376A66496BDCA1 /* Pods_Transport4ChurchTests.framework */ = {isa = PBXFileReference; explicitFileType = wrapper.framework; includeInIndex = 0; path = Pods_Transport4ChurchTests.framework; sourceTree = BUILT_PRODUCTS_DIR; };
		A06AC66EA98212B148B5F9F3 /* Pods_Transport4ChurchUITests.framework */ = {isa = PBXFileReference; explicitFileType = wrapper.framework; includeInIndex = 0; path = Pods_Transport4ChurchUITests.framework; sourceTree = BUILT_PRODUCTS_DIR; };
		DDB00604856E6ABE565F4A65 /* Pods-Transport4Church.release.xcconfig */ = {isa = PBXFileReference; includeInIndex = 1; lastKnownFileType = text.xcconfig; name = "Pods-Transport4Church.release.xcconfig"; path = "Pods/Target Support Files/Pods-Transport4Church/Pods-Transport4Church.release.xcconfig"; sourceTree = "<group>"; };
		F73B70F7C5683DCD966CE3CB /* Pods_Transport4Church.framework */ = {isa = PBXFileReference; explicitFileType = wrapper.framework; includeInIndex = 0; path = Pods_Transport4Church.framework; sourceTree = BUILT_PRODUCTS_DIR; };
/* End PBXFileReference section */

/* Begin PBXFrameworksBuildPhase section */
		04DD3C131D57A72C00DEBB32 /* Frameworks */ = {
			isa = PBXFrameworksBuildPhase;
			buildActionMask = 2147483647;
			files = (
				012A8EE77D6542FA88FD35DA /* Pods_Transport4Church.framework in Frameworks */,
			);
			runOnlyForDeploymentPostprocessing = 0;
		};
		04DD3C2A1D57A72C00DEBB32 /* Frameworks */ = {
			isa = PBXFrameworksBuildPhase;
			buildActionMask = 2147483647;
			files = (
				EEBA8C5F48F313FF8D8F2C13 /* Pods_Transport4ChurchTests.framework in Frameworks */,
			);
			runOnlyForDeploymentPostprocessing = 0;
		};
		04DD3C351D57A72C00DEBB32 /* Frameworks */ = {
			isa = PBXFrameworksBuildPhase;
			buildActionMask = 2147483647;
			files = (
				5C8FD09C1C5742BD4E1A1B3A /* Pods_Transport4ChurchUITests.framework in Frameworks */,
			);
			runOnlyForDeploymentPostprocessing = 0;
		};
/* End PBXFrameworksBuildPhase section */

/* Begin PBXGroup section */
		04283A361D5D1E210053D1D2 /* Rider */ = {
			isa = PBXGroup;
			children = (
				43632A041D5B62F700AD3B75 /* ConfirmPickupFormController.swift */,
				04DD3C4E1D591C8500DEBB32 /* RiderPickupController.swift */,
				43632A111D61DB7700AD3B75 /* RiderPickupDelegates.swift */,
				439EF2091D8C3DD700304BD4 /* RiderTripDetailController.swift */,
			);
			name = Rider;
			sourceTree = "<group>";
		};
		04283A371D5D1E530053D1D2 /* Utils */ = {
			isa = PBXGroup;
			children = (
				43632A081D5B811600AD3B75 /* FormButton.swift */,
				04DD3C4A1D57A88E00DEBB32 /* UIViewExtension.swift */,
				43632A191D63269A00AD3B75 /* LocationHelper.swift */,
				048552831D7DEF8D00F7B9B6 /* Helper.swift */,
			);
			name = Utils;
			sourceTree = "<group>";
		};
		04283A381D5D1E8F0053D1D2 /* Driver */ = {
			isa = PBXGroup;
			children = (
				04283A341D5D1DB90053D1D2 /* DriverRequestListController.swift */,
				43973CE21D8976CF00C17C0B /* DriverTripViewController.swift */,
				43973CE41D89777500C17C0B /* DriverTripViewDelegates.swift */,
			);
			name = Driver;
			sourceTree = "<group>";
		};
		04283A391D5D1FC50053D1D2 /* User */ = {
			isa = PBXGroup;
			children = (
				04DD3C4C1D5909B700DEBB32 /* EditProfileViewController.swift */,
				4341B92F1D82F6770092A633 /* ProfileViewController.swift */,
				4341B9311D8304140092A633 /* AuthViewController.swift */,
			);
			name = User;
			sourceTree = "<group>";
		};
		042B42301D68876B008CBFE0 /* Backend */ = {
			isa = PBXGroup;
			children = (
				042B42351D68BDD5008CBFE0 /* Dao */,
				042B42331D6887BE008CBFE0 /* ParseServer.swift */,
				04986AE41D9888AF00796E9E /* SocketIOViewController.swift */,
			);
			name = Backend;
			sourceTree = "<group>";
		};
		042B42351D68BDD5008CBFE0 /* Dao */ = {
			isa = PBXGroup;
			children = (
				042B42361D68BE0F008CBFE0 /* DaoManager.swift */,
				042B42381D68D908008CBFE0 /* UserRepo.swift */,
				042B423A1D6B6D86008CBFE0 /* TripRepo.swift */,
			);
			name = Dao;
			sourceTree = "<group>";
		};
		04DD3C0D1D57A72C00DEBB32 = {
			isa = PBXGroup;
			children = (
				04DD3C181D57A72C00DEBB32 /* Transport4Church */,
				04DD3C301D57A72C00DEBB32 /* Transport4ChurchTests */,
				04DD3C3B1D57A72C00DEBB32 /* Transport4ChurchUITests */,
				04DD3C171D57A72C00DEBB32 /* Products */,
				43E383711D5A1F2E0014DED2 /* Transport4Church-Bridging-Header.h */,
				17DAC0283DD1181CF77AF2FD /* Frameworks */,
				24C9B78B1CAC105507B2B082 /* Pods */,
			);
			sourceTree = "<group>";
		};
		04DD3C171D57A72C00DEBB32 /* Products */ = {
			isa = PBXGroup;
			children = (
				04DD3C161D57A72C00DEBB32 /* Transport4Church.app */,
				04DD3C2D1D57A72C00DEBB32 /* Transport4ChurchTests.xctest */,
				04DD3C381D57A72C00DEBB32 /* Transport4ChurchUITests.xctest */,
			);
			name = Products;
			sourceTree = "<group>";
		};
		04DD3C181D57A72C00DEBB32 /* Transport4Church */ = {
			isa = PBXGroup;
			children = (
				431CF3D61D67268300898CD7 /* Menu */,
				04DD3C191D57A72C00DEBB32 /* AppDelegate.swift */,
				042B42301D68876B008CBFE0 /* Backend */,
				04283A361D5D1E210053D1D2 /* Rider */,
				04283A391D5D1FC50053D1D2 /* User */,
				04283A381D5D1E8F0053D1D2 /* Driver */,
				04283A371D5D1E530053D1D2 /* Utils */,
				43632A0C1D5CCBB100AD3B75 /* Models */,
				04DD3C231D57A72C00DEBB32 /* Assets.xcassets */,
				04DD3C251D57A72C00DEBB32 /* LaunchScreen.storyboard */,
				04DD3C281D57A72C00DEBB32 /* Info.plist */,
				04DD3C201D57A72C00DEBB32 /* Transport4Church.xcdatamodeld */,
				43E383761D5A38EF0014DED2 /* LocationResultsController.swift */,
			);
			path = Transport4Church;
			sourceTree = "<group>";
		};
		04DD3C301D57A72C00DEBB32 /* Transport4ChurchTests */ = {
			isa = PBXGroup;
			children = (
				04DD3C311D57A72C00DEBB32 /* Transport4ChurchTests.swift */,
				04DD3C331D57A72C00DEBB32 /* Info.plist */,
			);
			path = Transport4ChurchTests;
			sourceTree = "<group>";
		};
		04DD3C3B1D57A72C00DEBB32 /* Transport4ChurchUITests */ = {
			isa = PBXGroup;
			children = (
				04DD3C3C1D57A72C00DEBB32 /* Transport4ChurchUITests.swift */,
				04DD3C3E1D57A72C00DEBB32 /* Info.plist */,
			);
			path = Transport4ChurchUITests;
			sourceTree = "<group>";
		};
		17DAC0283DD1181CF77AF2FD /* Frameworks */ = {
			isa = PBXGroup;
			children = (
				43A72E641D75BB54002F3B65 /* Parse.framework */,
				F73B70F7C5683DCD966CE3CB /* Pods_Transport4Church.framework */,
				A037E83601376A66496BDCA1 /* Pods_Transport4ChurchTests.framework */,
				A06AC66EA98212B148B5F9F3 /* Pods_Transport4ChurchUITests.framework */,
			);
			name = Frameworks;
			sourceTree = "<group>";
		};
		24C9B78B1CAC105507B2B082 /* Pods */ = {
			isa = PBXGroup;
			children = (
				1D141164A79898C712AAD20F /* Pods-Transport4Church.debug.xcconfig */,
				DDB00604856E6ABE565F4A65 /* Pods-Transport4Church.release.xcconfig */,
				652E2430E14FC30321700582 /* Pods-Transport4ChurchTests.debug.xcconfig */,
				39419231E5C68A0756CEB512 /* Pods-Transport4ChurchTests.release.xcconfig */,
				8729AA4786011058EBCD3BE3 /* Pods-Transport4ChurchUITests.debug.xcconfig */,
				4D097C7AEE7071D7C1A8762B /* Pods-Transport4ChurchUITests.release.xcconfig */,
			);
			name = Pods;
			sourceTree = "<group>";
		};
		431CF3D61D67268300898CD7 /* Menu */ = {
			isa = PBXGroup;
			children = (
				431CF3D71D67269A00898CD7 /* MenuViewController.swift */,
				431CF3D91D6EF2F500898CD7 /* MenuItem.swift */,
				431CF3DB1D6F493200898CD7 /* MenuActions.swift */,
			);
			name = Menu;
			sourceTree = "<group>";
		};
		43632A0C1D5CCBB100AD3B75 /* Models */ = {
			isa = PBXGroup;
			children = (
				43632A061D5B786800AD3B75 /* Trip.swift */,
				43632A0D1D5CCBCC00AD3B75 /* User.swift */,
				43632A131D61F51100AD3B75 /* Address.swift */,
				43632A151D62154900AD3B75 /* Rider.swift */,
				43632A171D62155200AD3B75 /* Driver.swift */,
			);
			name = Models;
			sourceTree = "<group>";
		};
/* End PBXGroup section */

/* Begin PBXNativeTarget section */
		04DD3C151D57A72C00DEBB32 /* Transport4Church */ = {
			isa = PBXNativeTarget;
			buildConfigurationList = 04DD3C411D57A72C00DEBB32 /* Build configuration list for PBXNativeTarget "Transport4Church" */;
			buildPhases = (
				5D11CE79B9DF2B01235AE08B /* [CP] Check Pods Manifest.lock */,
				04DD3C121D57A72C00DEBB32 /* Sources */,
				04DD3C131D57A72C00DEBB32 /* Frameworks */,
				04DD3C141D57A72C00DEBB32 /* Resources */,
				597AF3E7A95E5503AABF3369 /* [CP] Embed Pods Frameworks */,
				AE9B1604DA02F5E720A6E636 /* [CP] Copy Pods Resources */,
			);
			buildRules = (
			);
			dependencies = (
			);
			name = Transport4Church;
			productName = Transport4Church;
			productReference = 04DD3C161D57A72C00DEBB32 /* Transport4Church.app */;
			productType = "com.apple.product-type.application";
		};
		04DD3C2C1D57A72C00DEBB32 /* Transport4ChurchTests */ = {
			isa = PBXNativeTarget;
			buildConfigurationList = 04DD3C441D57A72C00DEBB32 /* Build configuration list for PBXNativeTarget "Transport4ChurchTests" */;
			buildPhases = (
				9AF1AE2B7BC53CFE8C47C4EE /* [CP] Check Pods Manifest.lock */,
				04DD3C291D57A72C00DEBB32 /* Sources */,
				04DD3C2A1D57A72C00DEBB32 /* Frameworks */,
				04DD3C2B1D57A72C00DEBB32 /* Resources */,
				9EEC6326AA74BF70AF39F4F9 /* [CP] Embed Pods Frameworks */,
				F32EC1D2D57CED291403E62D /* [CP] Copy Pods Resources */,
			);
			buildRules = (
			);
			dependencies = (
				04DD3C2F1D57A72C00DEBB32 /* PBXTargetDependency */,
			);
			name = Transport4ChurchTests;
			productName = Transport4ChurchTests;
			productReference = 04DD3C2D1D57A72C00DEBB32 /* Transport4ChurchTests.xctest */;
			productType = "com.apple.product-type.bundle.unit-test";
		};
		04DD3C371D57A72C00DEBB32 /* Transport4ChurchUITests */ = {
			isa = PBXNativeTarget;
			buildConfigurationList = 04DD3C471D57A72C00DEBB32 /* Build configuration list for PBXNativeTarget "Transport4ChurchUITests" */;
			buildPhases = (
				FD27BA5E9D400C9E4448E77F /* [CP] Check Pods Manifest.lock */,
				04DD3C341D57A72C00DEBB32 /* Sources */,
				04DD3C351D57A72C00DEBB32 /* Frameworks */,
				04DD3C361D57A72C00DEBB32 /* Resources */,
				D556D0AB844DD02AF6A99BED /* [CP] Embed Pods Frameworks */,
				7F14C98AA05AE97420256186 /* [CP] Copy Pods Resources */,
			);
			buildRules = (
			);
			dependencies = (
				04DD3C3A1D57A72C00DEBB32 /* PBXTargetDependency */,
			);
			name = Transport4ChurchUITests;
			productName = Transport4ChurchUITests;
			productReference = 04DD3C381D57A72C00DEBB32 /* Transport4ChurchUITests.xctest */;
			productType = "com.apple.product-type.bundle.ui-testing";
		};
/* End PBXNativeTarget section */

/* Begin PBXProject section */
		04DD3C0E1D57A72C00DEBB32 /* Project object */ = {
			isa = PBXProject;
			attributes = {
				LastSwiftUpdateCheck = 0730;
				LastUpgradeCheck = 0730;
				ORGANIZATIONNAME = rccg;
				TargetAttributes = {
					04DD3C151D57A72C00DEBB32 = {
						CreatedOnToolsVersion = 7.3;
						DevelopmentTeam = ND37B5VWDX;
					};
					04DD3C2C1D57A72C00DEBB32 = {
						CreatedOnToolsVersion = 7.3;
						DevelopmentTeam = ND37B5VWDX;
						TestTargetID = 04DD3C151D57A72C00DEBB32;
					};
					04DD3C371D57A72C00DEBB32 = {
						CreatedOnToolsVersion = 7.3;
						DevelopmentTeam = ND37B5VWDX;
						TestTargetID = 04DD3C151D57A72C00DEBB32;
					};
				};
			};
			buildConfigurationList = 04DD3C111D57A72C00DEBB32 /* Build configuration list for PBXProject "Transport4Church" */;
			compatibilityVersion = "Xcode 3.2";
			developmentRegion = English;
			hasScannedForEncodings = 0;
			knownRegions = (
				en,
				Base,
			);
			mainGroup = 04DD3C0D1D57A72C00DEBB32;
			productRefGroup = 04DD3C171D57A72C00DEBB32 /* Products */;
			projectDirPath = "";
			projectRoot = "";
			targets = (
				04DD3C151D57A72C00DEBB32 /* Transport4Church */,
				04DD3C2C1D57A72C00DEBB32 /* Transport4ChurchTests */,
				04DD3C371D57A72C00DEBB32 /* Transport4ChurchUITests */,
			);
		};
/* End PBXProject section */

/* Begin PBXResourcesBuildPhase section */
		04DD3C141D57A72C00DEBB32 /* Resources */ = {
			isa = PBXResourcesBuildPhase;
			buildActionMask = 2147483647;
			files = (
				04DD3C271D57A72C00DEBB32 /* LaunchScreen.storyboard in Resources */,
				04DD3C241D57A72C00DEBB32 /* Assets.xcassets in Resources */,
			);
			runOnlyForDeploymentPostprocessing = 0;
		};
		04DD3C2B1D57A72C00DEBB32 /* Resources */ = {
			isa = PBXResourcesBuildPhase;
			buildActionMask = 2147483647;
			files = (
			);
			runOnlyForDeploymentPostprocessing = 0;
		};
		04DD3C361D57A72C00DEBB32 /* Resources */ = {
			isa = PBXResourcesBuildPhase;
			buildActionMask = 2147483647;
			files = (
			);
			runOnlyForDeploymentPostprocessing = 0;
		};
/* End PBXResourcesBuildPhase section */

/* Begin PBXShellScriptBuildPhase section */
		597AF3E7A95E5503AABF3369 /* [CP] Embed Pods Frameworks */ = {
			isa = PBXShellScriptBuildPhase;
			buildActionMask = 2147483647;
			files = (
			);
			inputPaths = (
			);
			name = "[CP] Embed Pods Frameworks";
			outputPaths = (
			);
			runOnlyForDeploymentPostprocessing = 0;
			shellPath = /bin/sh;
			shellScript = "\"${SRCROOT}/Pods/Target Support Files/Pods-Transport4Church/Pods-Transport4Church-frameworks.sh\"\n";
			showEnvVarsInLog = 0;
		};
		5D11CE79B9DF2B01235AE08B /* [CP] Check Pods Manifest.lock */ = {
			isa = PBXShellScriptBuildPhase;
			buildActionMask = 2147483647;
			files = (
			);
			inputPaths = (
			);
			name = "[CP] Check Pods Manifest.lock";
			outputPaths = (
			);
			runOnlyForDeploymentPostprocessing = 0;
			shellPath = /bin/sh;
			shellScript = "diff \"${PODS_ROOT}/../Podfile.lock\" \"${PODS_ROOT}/Manifest.lock\" > /dev/null\nif [ $? != 0 ] ; then\n    # print error to STDERR\n    echo \"error: The sandbox is not in sync with the Podfile.lock. Run 'pod install' or update your CocoaPods installation.\" >&2\n    exit 1\nfi\n";
			showEnvVarsInLog = 0;
		};
		7F14C98AA05AE97420256186 /* [CP] Copy Pods Resources */ = {
			isa = PBXShellScriptBuildPhase;
			buildActionMask = 2147483647;
			files = (
			);
			inputPaths = (
			);
			name = "[CP] Copy Pods Resources";
			outputPaths = (
			);
			runOnlyForDeploymentPostprocessing = 0;
			shellPath = /bin/sh;
			shellScript = "\"${SRCROOT}/Pods/Target Support Files/Pods-Transport4ChurchUITests/Pods-Transport4ChurchUITests-resources.sh\"\n";
			showEnvVarsInLog = 0;
		};
		9AF1AE2B7BC53CFE8C47C4EE /* [CP] Check Pods Manifest.lock */ = {
			isa = PBXShellScriptBuildPhase;
			buildActionMask = 2147483647;
			files = (
			);
			inputPaths = (
			);
			name = "[CP] Check Pods Manifest.lock";
			outputPaths = (
			);
			runOnlyForDeploymentPostprocessing = 0;
			shellPath = /bin/sh;
			shellScript = "diff \"${PODS_ROOT}/../Podfile.lock\" \"${PODS_ROOT}/Manifest.lock\" > /dev/null\nif [ $? != 0 ] ; then\n    # print error to STDERR\n    echo \"error: The sandbox is not in sync with the Podfile.lock. Run 'pod install' or update your CocoaPods installation.\" >&2\n    exit 1\nfi\n";
			showEnvVarsInLog = 0;
		};
		9EEC6326AA74BF70AF39F4F9 /* [CP] Embed Pods Frameworks */ = {
			isa = PBXShellScriptBuildPhase;
			buildActionMask = 2147483647;
			files = (
			);
			inputPaths = (
			);
			name = "[CP] Embed Pods Frameworks";
			outputPaths = (
			);
			runOnlyForDeploymentPostprocessing = 0;
			shellPath = /bin/sh;
			shellScript = "\"${SRCROOT}/Pods/Target Support Files/Pods-Transport4ChurchTests/Pods-Transport4ChurchTests-frameworks.sh\"\n";
			showEnvVarsInLog = 0;
		};
		AE9B1604DA02F5E720A6E636 /* [CP] Copy Pods Resources */ = {
			isa = PBXShellScriptBuildPhase;
			buildActionMask = 2147483647;
			files = (
			);
			inputPaths = (
			);
			name = "[CP] Copy Pods Resources";
			outputPaths = (
			);
			runOnlyForDeploymentPostprocessing = 0;
			shellPath = /bin/sh;
			shellScript = "\"${SRCROOT}/Pods/Target Support Files/Pods-Transport4Church/Pods-Transport4Church-resources.sh\"\n";
			showEnvVarsInLog = 0;
		};
		D556D0AB844DD02AF6A99BED /* [CP] Embed Pods Frameworks */ = {
			isa = PBXShellScriptBuildPhase;
			buildActionMask = 2147483647;
			files = (
			);
			inputPaths = (
			);
			name = "[CP] Embed Pods Frameworks";
			outputPaths = (
			);
			runOnlyForDeploymentPostprocessing = 0;
			shellPath = /bin/sh;
			shellScript = "\"${SRCROOT}/Pods/Target Support Files/Pods-Transport4ChurchUITests/Pods-Transport4ChurchUITests-frameworks.sh\"\n";
			showEnvVarsInLog = 0;
		};
		F32EC1D2D57CED291403E62D /* [CP] Copy Pods Resources */ = {
			isa = PBXShellScriptBuildPhase;
			buildActionMask = 2147483647;
			files = (
			);
			inputPaths = (
			);
			name = "[CP] Copy Pods Resources";
			outputPaths = (
			);
			runOnlyForDeploymentPostprocessing = 0;
			shellPath = /bin/sh;
			shellScript = "\"${SRCROOT}/Pods/Target Support Files/Pods-Transport4ChurchTests/Pods-Transport4ChurchTests-resources.sh\"\n";
			showEnvVarsInLog = 0;
		};
		FD27BA5E9D400C9E4448E77F /* [CP] Check Pods Manifest.lock */ = {
			isa = PBXShellScriptBuildPhase;
			buildActionMask = 2147483647;
			files = (
			);
			inputPaths = (
			);
			name = "[CP] Check Pods Manifest.lock";
			outputPaths = (
			);
			runOnlyForDeploymentPostprocessing = 0;
			shellPath = /bin/sh;
			shellScript = "diff \"${PODS_ROOT}/../Podfile.lock\" \"${PODS_ROOT}/Manifest.lock\" > /dev/null\nif [ $? != 0 ] ; then\n    # print error to STDERR\n    echo \"error: The sandbox is not in sync with the Podfile.lock. Run 'pod install' or update your CocoaPods installation.\" >&2\n    exit 1\nfi\n";
			showEnvVarsInLog = 0;
		};
/* End PBXShellScriptBuildPhase section */

/* Begin PBXSourcesBuildPhase section */
		04DD3C121D57A72C00DEBB32 /* Sources */ = {
			isa = PBXSourcesBuildPhase;
			buildActionMask = 2147483647;
			files = (
				042B423B1D6B6D86008CBFE0 /* TripRepo.swift in Sources */,
				04DD3C221D57A72C00DEBB32 /* Transport4Church.xcdatamodeld in Sources */,
				43632A161D62154900AD3B75 /* Rider.swift in Sources */,
				43632A181D62155200AD3B75 /* Driver.swift in Sources */,
				048552841D7DEF8D00F7B9B6 /* Helper.swift in Sources */,
				43E383771D5A38EF0014DED2 /* LocationResultsController.swift in Sources */,
				439EF20A1D8C3DD700304BD4 /* RiderTripDetailController.swift in Sources */,
				04986AE51D9888AF00796E9E /* SocketIOViewController.swift in Sources */,
				43632A071D5B786800AD3B75 /* Trip.swift in Sources */,
				04DD3C4F1D591C8500DEBB32 /* RiderPickupController.swift in Sources */,
				4341B9321D8304140092A633 /* AuthViewController.swift in Sources */,
				43632A1A1D63269A00AD3B75 /* LocationHelper.swift in Sources */,
				43632A051D5B62F700AD3B75 /* ConfirmPickupFormController.swift in Sources */,
				43632A141D61F51100AD3B75 /* Address.swift in Sources */,
				43973CE51D89777500C17C0B /* DriverTripViewDelegates.swift in Sources */,
				04DD3C4B1D57A88E00DEBB32 /* UIViewExtension.swift in Sources */,
				43632A121D61DB7700AD3B75 /* RiderPickupDelegates.swift in Sources */,
				43632A0E1D5CCBCC00AD3B75 /* User.swift in Sources */,
				431CF3D81D67269A00898CD7 /* MenuViewController.swift in Sources */,
				04DD3C1A1D57A72C00DEBB32 /* AppDelegate.swift in Sources */,
				042B42341D6887BE008CBFE0 /* ParseServer.swift in Sources */,
				042B42371D68BE0F008CBFE0 /* DaoManager.swift in Sources */,
				04DD3C4D1D5909B700DEBB32 /* EditProfileViewController.swift in Sources */,
				04283A351D5D1DB90053D1D2 /* DriverRequestListController.swift in Sources */,
				042B42391D68D908008CBFE0 /* UserRepo.swift in Sources */,
				43632A091D5B811600AD3B75 /* FormButton.swift in Sources */,
				43973CE31D8976CF00C17C0B /* DriverTripViewController.swift in Sources */,
				4341B9301D82F6770092A633 /* ProfileViewController.swift in Sources */,
				431CF3DC1D6F493200898CD7 /* MenuActions.swift in Sources */,
				431CF3DA1D6EF2F500898CD7 /* MenuItem.swift in Sources */,
			);
			runOnlyForDeploymentPostprocessing = 0;
		};
		04DD3C291D57A72C00DEBB32 /* Sources */ = {
			isa = PBXSourcesBuildPhase;
			buildActionMask = 2147483647;
			files = (
				04DD3C321D57A72C00DEBB32 /* Transport4ChurchTests.swift in Sources */,
			);
			runOnlyForDeploymentPostprocessing = 0;
		};
		04DD3C341D57A72C00DEBB32 /* Sources */ = {
			isa = PBXSourcesBuildPhase;
			buildActionMask = 2147483647;
			files = (
				04DD3C3D1D57A72C00DEBB32 /* Transport4ChurchUITests.swift in Sources */,
			);
			runOnlyForDeploymentPostprocessing = 0;
		};
/* End PBXSourcesBuildPhase section */

/* Begin PBXTargetDependency section */
		04DD3C2F1D57A72C00DEBB32 /* PBXTargetDependency */ = {
			isa = PBXTargetDependency;
			target = 04DD3C151D57A72C00DEBB32 /* Transport4Church */;
			targetProxy = 04DD3C2E1D57A72C00DEBB32 /* PBXContainerItemProxy */;
		};
		04DD3C3A1D57A72C00DEBB32 /* PBXTargetDependency */ = {
			isa = PBXTargetDependency;
			target = 04DD3C151D57A72C00DEBB32 /* Transport4Church */;
			targetProxy = 04DD3C391D57A72C00DEBB32 /* PBXContainerItemProxy */;
		};
/* End PBXTargetDependency section */

/* Begin PBXVariantGroup section */
		04DD3C251D57A72C00DEBB32 /* LaunchScreen.storyboard */ = {
			isa = PBXVariantGroup;
			children = (
				04DD3C261D57A72C00DEBB32 /* Base */,
			);
			name = LaunchScreen.storyboard;
			sourceTree = "<group>";
		};
/* End PBXVariantGroup section */

/* Begin XCBuildConfiguration section */
		04DD3C3F1D57A72C00DEBB32 /* Debug */ = {
			isa = XCBuildConfiguration;
			buildSettings = {
				ALWAYS_SEARCH_USER_PATHS = NO;
				CLANG_ANALYZER_NONNULL = YES;
				CLANG_CXX_LANGUAGE_STANDARD = "gnu++0x";
				CLANG_CXX_LIBRARY = "libc++";
				CLANG_ENABLE_MODULES = YES;
				CLANG_ENABLE_OBJC_ARC = YES;
				CLANG_WARN_BOOL_CONVERSION = YES;
				CLANG_WARN_CONSTANT_CONVERSION = YES;
				CLANG_WARN_DIRECT_OBJC_ISA_USAGE = YES_ERROR;
				CLANG_WARN_EMPTY_BODY = YES;
				CLANG_WARN_ENUM_CONVERSION = YES;
				CLANG_WARN_INT_CONVERSION = YES;
				CLANG_WARN_OBJC_ROOT_CLASS = YES_ERROR;
				CLANG_WARN_UNREACHABLE_CODE = YES;
				CLANG_WARN__DUPLICATE_METHOD_MATCH = YES;
				"CODE_SIGN_IDENTITY[sdk=iphoneos*]" = "iPhone Developer";
				COPY_PHASE_STRIP = NO;
				DEBUG_INFORMATION_FORMAT = dwarf;
				ENABLE_STRICT_OBJC_MSGSEND = YES;
				ENABLE_TESTABILITY = YES;
				GCC_C_LANGUAGE_STANDARD = gnu99;
				GCC_DYNAMIC_NO_PIC = NO;
				GCC_NO_COMMON_BLOCKS = YES;
				GCC_OPTIMIZATION_LEVEL = 0;
				GCC_PREPROCESSOR_DEFINITIONS = (
					"DEBUG=1",
					"$(inherited)",
				);
				GCC_WARN_64_TO_32_BIT_CONVERSION = YES;
				GCC_WARN_ABOUT_RETURN_TYPE = YES_ERROR;
				GCC_WARN_UNDECLARED_SELECTOR = YES;
				GCC_WARN_UNINITIALIZED_AUTOS = YES_AGGRESSIVE;
				GCC_WARN_UNUSED_FUNCTION = YES;
				GCC_WARN_UNUSED_VARIABLE = YES;
				IPHONEOS_DEPLOYMENT_TARGET = 9.3;
				MTL_ENABLE_DEBUG_INFO = YES;
				ONLY_ACTIVE_ARCH = YES;
				SDKROOT = iphoneos;
				SWIFT_OPTIMIZATION_LEVEL = "-Onone";
			};
			name = Debug;
		};
		04DD3C401D57A72C00DEBB32 /* Release */ = {
			isa = XCBuildConfiguration;
			buildSettings = {
				ALWAYS_SEARCH_USER_PATHS = NO;
				CLANG_ANALYZER_NONNULL = YES;
				CLANG_CXX_LANGUAGE_STANDARD = "gnu++0x";
				CLANG_CXX_LIBRARY = "libc++";
				CLANG_ENABLE_MODULES = YES;
				CLANG_ENABLE_OBJC_ARC = YES;
				CLANG_WARN_BOOL_CONVERSION = YES;
				CLANG_WARN_CONSTANT_CONVERSION = YES;
				CLANG_WARN_DIRECT_OBJC_ISA_USAGE = YES_ERROR;
				CLANG_WARN_EMPTY_BODY = YES;
				CLANG_WARN_ENUM_CONVERSION = YES;
				CLANG_WARN_INT_CONVERSION = YES;
				CLANG_WARN_OBJC_ROOT_CLASS = YES_ERROR;
				CLANG_WARN_UNREACHABLE_CODE = YES;
				CLANG_WARN__DUPLICATE_METHOD_MATCH = YES;
				"CODE_SIGN_IDENTITY[sdk=iphoneos*]" = "iPhone Developer";
				COPY_PHASE_STRIP = NO;
				DEBUG_INFORMATION_FORMAT = "dwarf-with-dsym";
				ENABLE_NS_ASSERTIONS = NO;
				ENABLE_STRICT_OBJC_MSGSEND = YES;
				GCC_C_LANGUAGE_STANDARD = gnu99;
				GCC_NO_COMMON_BLOCKS = YES;
				GCC_WARN_64_TO_32_BIT_CONVERSION = YES;
				GCC_WARN_ABOUT_RETURN_TYPE = YES_ERROR;
				GCC_WARN_UNDECLARED_SELECTOR = YES;
				GCC_WARN_UNINITIALIZED_AUTOS = YES_AGGRESSIVE;
				GCC_WARN_UNUSED_FUNCTION = YES;
				GCC_WARN_UNUSED_VARIABLE = YES;
				IPHONEOS_DEPLOYMENT_TARGET = 9.3;
				MTL_ENABLE_DEBUG_INFO = NO;
				SDKROOT = iphoneos;
				VALIDATE_PRODUCT = YES;
			};
			name = Release;
		};
		04DD3C421D57A72C00DEBB32 /* Debug */ = {
			isa = XCBuildConfiguration;
			baseConfigurationReference = 1D141164A79898C712AAD20F /* Pods-Transport4Church.debug.xcconfig */;
			buildSettings = {
				ASSETCATALOG_COMPILER_APPICON_NAME = AppIcon;
				CLANG_ENABLE_MODULES = YES;
				CODE_SIGN_IDENTITY = "iPhone Developer";
				INFOPLIST_FILE = Transport4Church/Info.plist;
				LD_RUNPATH_SEARCH_PATHS = "$(inherited) @executable_path/Frameworks";
				OTHER_LDFLAGS = (
					"-ObjC",
					"$(inherited)",
				);
				PRODUCT_BUNDLE_IDENTIFIER = org.rccg.Transport4Church;
				PRODUCT_NAME = "$(TARGET_NAME)";
				SWIFT_OBJC_BRIDGING_HEADER = "Transport4Church-Bridging-Header.h";
				SWIFT_OPTIMIZATION_LEVEL = "-Onone";
			};
			name = Debug;
		};
		04DD3C431D57A72C00DEBB32 /* Release */ = {
			isa = XCBuildConfiguration;
			baseConfigurationReference = DDB00604856E6ABE565F4A65 /* Pods-Transport4Church.release.xcconfig */;
			buildSettings = {
				ASSETCATALOG_COMPILER_APPICON_NAME = AppIcon;
				CLANG_ENABLE_MODULES = YES;
				CODE_SIGN_IDENTITY = "iPhone Developer";
				INFOPLIST_FILE = Transport4Church/Info.plist;
				LD_RUNPATH_SEARCH_PATHS = "$(inherited) @executable_path/Frameworks";
				OTHER_LDFLAGS = (
					"-ObjC",
					"$(inherited)",
				);
				PRODUCT_BUNDLE_IDENTIFIER = org.rccg.Transport4Church;
				PRODUCT_NAME = "$(TARGET_NAME)";
				SWIFT_OBJC_BRIDGING_HEADER = "Transport4Church-Bridging-Header.h";
			};
			name = Release;
		};
		04DD3C451D57A72C00DEBB32 /* Debug */ = {
			isa = XCBuildConfiguration;
			baseConfigurationReference = 652E2430E14FC30321700582 /* Pods-Transport4ChurchTests.debug.xcconfig */;
			buildSettings = {
				BUNDLE_LOADER = "$(TEST_HOST)";
				INFOPLIST_FILE = Transport4ChurchTests/Info.plist;
				LD_RUNPATH_SEARCH_PATHS = "$(inherited) @executable_path/Frameworks @loader_path/Frameworks";
				PRODUCT_BUNDLE_IDENTIFIER = org.rccg.Transport4ChurchTests;
				PRODUCT_NAME = "$(TARGET_NAME)";
				TEST_HOST = "$(BUILT_PRODUCTS_DIR)/Transport4Church.app/Transport4Church";
			};
			name = Debug;
		};
		04DD3C461D57A72C00DEBB32 /* Release */ = {
			isa = XCBuildConfiguration;
			baseConfigurationReference = 39419231E5C68A0756CEB512 /* Pods-Transport4ChurchTests.release.xcconfig */;
			buildSettings = {
				BUNDLE_LOADER = "$(TEST_HOST)";
				INFOPLIST_FILE = Transport4ChurchTests/Info.plist;
				LD_RUNPATH_SEARCH_PATHS = "$(inherited) @executable_path/Frameworks @loader_path/Frameworks";
				PRODUCT_BUNDLE_IDENTIFIER = org.rccg.Transport4ChurchTests;
				PRODUCT_NAME = "$(TARGET_NAME)";
				TEST_HOST = "$(BUILT_PRODUCTS_DIR)/Transport4Church.app/Transport4Church";
			};
			name = Release;
		};
		04DD3C481D57A72C00DEBB32 /* Debug */ = {
			isa = XCBuildConfiguration;
			baseConfigurationReference = 8729AA4786011058EBCD3BE3 /* Pods-Transport4ChurchUITests.debug.xcconfig */;
			buildSettings = {
				INFOPLIST_FILE = Transport4ChurchUITests/Info.plist;
				LD_RUNPATH_SEARCH_PATHS = "$(inherited) @executable_path/Frameworks @loader_path/Frameworks";
				PRODUCT_BUNDLE_IDENTIFIER = org.rccg.Transport4ChurchUITests;
				PRODUCT_NAME = "$(TARGET_NAME)";
				TEST_TARGET_NAME = Transport4Church;
			};
			name = Debug;
		};
		04DD3C491D57A72C00DEBB32 /* Release */ = {
			isa = XCBuildConfiguration;
			baseConfigurationReference = 4D097C7AEE7071D7C1A8762B /* Pods-Transport4ChurchUITests.release.xcconfig */;
			buildSettings = {
				INFOPLIST_FILE = Transport4ChurchUITests/Info.plist;
				LD_RUNPATH_SEARCH_PATHS = "$(inherited) @executable_path/Frameworks @loader_path/Frameworks";
				PRODUCT_BUNDLE_IDENTIFIER = org.rccg.Transport4ChurchUITests;
				PRODUCT_NAME = "$(TARGET_NAME)";
				TEST_TARGET_NAME = Transport4Church;
			};
			name = Release;
		};
/* End XCBuildConfiguration section */

/* Begin XCConfigurationList section */
		04DD3C111D57A72C00DEBB32 /* Build configuration list for PBXProject "Transport4Church" */ = {
			isa = XCConfigurationList;
			buildConfigurations = (
				04DD3C3F1D57A72C00DEBB32 /* Debug */,
				04DD3C401D57A72C00DEBB32 /* Release */,
			);
			defaultConfigurationIsVisible = 0;
			defaultConfigurationName = Release;
		};
		04DD3C411D57A72C00DEBB32 /* Build configuration list for PBXNativeTarget "Transport4Church" */ = {
			isa = XCConfigurationList;
			buildConfigurations = (
				04DD3C421D57A72C00DEBB32 /* Debug */,
				04DD3C431D57A72C00DEBB32 /* Release */,
			);
			defaultConfigurationIsVisible = 0;
			defaultConfigurationName = Release;
		};
		04DD3C441D57A72C00DEBB32 /* Build configuration list for PBXNativeTarget "Transport4ChurchTests" */ = {
			isa = XCConfigurationList;
			buildConfigurations = (
				04DD3C451D57A72C00DEBB32 /* Debug */,
				04DD3C461D57A72C00DEBB32 /* Release */,
			);
			defaultConfigurationIsVisible = 0;
			defaultConfigurationName = Release;
		};
		04DD3C471D57A72C00DEBB32 /* Build configuration list for PBXNativeTarget "Transport4ChurchUITests" */ = {
			isa = XCConfigurationList;
			buildConfigurations = (
				04DD3C481D57A72C00DEBB32 /* Debug */,
				04DD3C491D57A72C00DEBB32 /* Release */,
			);
			defaultConfigurationIsVisible = 0;
			defaultConfigurationName = Release;
		};
/* End XCConfigurationList section */

/* Begin XCVersionGroup section */
		04DD3C201D57A72C00DEBB32 /* Transport4Church.xcdatamodeld */ = {
			isa = XCVersionGroup;
			children = (
				04DD3C211D57A72C00DEBB32 /* Transport4Church.xcdatamodel */,
			);
			currentVersion = 04DD3C211D57A72C00DEBB32 /* Transport4Church.xcdatamodel */;
			path = Transport4Church.xcdatamodeld;
			sourceTree = "<group>";
			versionGroupType = wrapper.xcdatamodel;
		};
/* End XCVersionGroup section */
	};
	rootObject = 04DD3C0E1D57A72C00DEBB32 /* Project object */;
}
