// !$*UTF8*$!
{
	archiveVersion = 1;
	classes = {
	};
	objectVersion = 46;
	objects = {

/* Begin PBXBuildFile section */
		04DD3C1A1D57A72C00DEBB32 /* AppDelegate.swift in Sources */ = {isa = PBXBuildFile; fileRef = 04DD3C191D57A72C00DEBB32 /* AppDelegate.swift */; };
		04DD3C1C1D57A72C00DEBB32 /* LoginViewController.swift in Sources */ = {isa = PBXBuildFile; fileRef = 04DD3C1B1D57A72C00DEBB32 /* LoginViewController.swift */; };
		04DD3C221D57A72C00DEBB32 /* Transport4Church.xcdatamodeld in Sources */ = {isa = PBXBuildFile; fileRef = 04DD3C201D57A72C00DEBB32 /* Transport4Church.xcdatamodeld */; };
		04DD3C241D57A72C00DEBB32 /* Assets.xcassets in Resources */ = {isa = PBXBuildFile; fileRef = 04DD3C231D57A72C00DEBB32 /* Assets.xcassets */; };
		04DD3C271D57A72C00DEBB32 /* LaunchScreen.storyboard in Resources */ = {isa = PBXBuildFile; fileRef = 04DD3C251D57A72C00DEBB32 /* LaunchScreen.storyboard */; };
		04DD3C321D57A72C00DEBB32 /* Transport4ChurchTests.swift in Sources */ = {isa = PBXBuildFile; fileRef = 04DD3C311D57A72C00DEBB32 /* Transport4ChurchTests.swift */; };
		04DD3C3D1D57A72C00DEBB32 /* Transport4ChurchUITests.swift in Sources */ = {isa = PBXBuildFile; fileRef = 04DD3C3C1D57A72C00DEBB32 /* Transport4ChurchUITests.swift */; };
		04DD3C4B1D57A88E00DEBB32 /* UIViewExtension.swift in Sources */ = {isa = PBXBuildFile; fileRef = 04DD3C4A1D57A88E00DEBB32 /* UIViewExtension.swift */; };
		04DD3C4D1D5909B700DEBB32 /* RegisterFormViewController.swift in Sources */ = {isa = PBXBuildFile; fileRef = 04DD3C4C1D5909B700DEBB32 /* RegisterFormViewController.swift */; };
		04DD3C4F1D591C8500DEBB32 /* PickupRiderController.swift in Sources */ = {isa = PBXBuildFile; fileRef = 04DD3C4E1D591C8500DEBB32 /* PickupRiderController.swift */; };
		43632A051D5B62F700AD3B75 /* ConfirmPickupFormController.swift in Sources */ = {isa = PBXBuildFile; fileRef = 43632A041D5B62F700AD3B75 /* ConfirmPickupFormController.swift */; };
		43632A071D5B786800AD3B75 /* Trip.swift in Sources */ = {isa = PBXBuildFile; fileRef = 43632A061D5B786800AD3B75 /* Trip.swift */; };
		43632A091D5B811600AD3B75 /* FormButton.swift in Sources */ = {isa = PBXBuildFile; fileRef = 43632A081D5B811600AD3B75 /* FormButton.swift */; };
		43632A0B1D5B88A200AD3B75 /* TrackPickupController.swift in Sources */ = {isa = PBXBuildFile; fileRef = 43632A0A1D5B88A200AD3B75 /* TrackPickupController.swift */; };
		43632A0E1D5CCBCC00AD3B75 /* User.swift in Sources */ = {isa = PBXBuildFile; fileRef = 43632A0D1D5CCBCC00AD3B75 /* User.swift */; };
		43E383771D5A38EF0014DED2 /* LocationResultsController.swift in Sources */ = {isa = PBXBuildFile; fileRef = 43E383761D5A38EF0014DED2 /* LocationResultsController.swift */; };
		83EA7DC4DB1B69BE86C35912 /* Pods_Transport4Church.framework in Frameworks */ = {isa = PBXBuildFile; fileRef = 488882E45C394C24207FC14B /* Pods_Transport4Church.framework */; };
		9C3BDE250107873CD48D2C67 /* Pods_Transport4ChurchUITests.framework in Frameworks */ = {isa = PBXBuildFile; fileRef = 90CAB7063715F7564B7B9A9F /* Pods_Transport4ChurchUITests.framework */; };
		B13003BA457486F1A85BB05D /* Pods_Transport4ChurchTests.framework in Frameworks */ = {isa = PBXBuildFile; fileRef = 52D404B604434C9A8A2083EB /* Pods_Transport4ChurchTests.framework */; };
/* End PBXBuildFile section */

/* Begin PBXContainerItemProxy section */
		04DD3C2E1D57A72C00DEBB32 /* PBXContainerItemProxy */ = {
			isa = PBXContainerItemProxy;
			containerPortal = 04DD3C0E1D57A72C00DEBB32 /* Project object */;
			proxyType = 1;
			remoteGlobalIDString = 04DD3C151D57A72C00DEBB32;
			remoteInfo = Transport4Church;
		};
		04DD3C391D57A72C00DEBB32 /* PBXContainerItemProxy */ = {
			isa = PBXContainerItemProxy;
			containerPortal = 04DD3C0E1D57A72C00DEBB32 /* Project object */;
			proxyType = 1;
			remoteGlobalIDString = 04DD3C151D57A72C00DEBB32;
			remoteInfo = Transport4Church;
		};
/* End PBXContainerItemProxy section */

/* Begin PBXFileReference section */
		04DD3C161D57A72C00DEBB32 /* Transport4Church.app */ = {isa = PBXFileReference; explicitFileType = wrapper.application; includeInIndex = 0; path = Transport4Church.app; sourceTree = BUILT_PRODUCTS_DIR; };
		04DD3C191D57A72C00DEBB32 /* AppDelegate.swift */ = {isa = PBXFileReference; lastKnownFileType = sourcecode.swift; path = AppDelegate.swift; sourceTree = "<group>"; };
		04DD3C1B1D57A72C00DEBB32 /* LoginViewController.swift */ = {isa = PBXFileReference; lastKnownFileType = sourcecode.swift; path = LoginViewController.swift; sourceTree = "<group>"; };
		04DD3C211D57A72C00DEBB32 /* Transport4Church.xcdatamodel */ = {isa = PBXFileReference; lastKnownFileType = wrapper.xcdatamodel; path = Transport4Church.xcdatamodel; sourceTree = "<group>"; };
		04DD3C231D57A72C00DEBB32 /* Assets.xcassets */ = {isa = PBXFileReference; lastKnownFileType = folder.assetcatalog; path = Assets.xcassets; sourceTree = "<group>"; };
		04DD3C261D57A72C00DEBB32 /* Base */ = {isa = PBXFileReference; lastKnownFileType = file.storyboard; name = Base; path = Base.lproj/LaunchScreen.storyboard; sourceTree = "<group>"; };
		04DD3C281D57A72C00DEBB32 /* Info.plist */ = {isa = PBXFileReference; lastKnownFileType = text.plist.xml; path = Info.plist; sourceTree = "<group>"; };
		04DD3C2D1D57A72C00DEBB32 /* Transport4ChurchTests.xctest */ = {isa = PBXFileReference; explicitFileType = wrapper.cfbundle; includeInIndex = 0; path = Transport4ChurchTests.xctest; sourceTree = BUILT_PRODUCTS_DIR; };
		04DD3C311D57A72C00DEBB32 /* Transport4ChurchTests.swift */ = {isa = PBXFileReference; lastKnownFileType = sourcecode.swift; path = Transport4ChurchTests.swift; sourceTree = "<group>"; };
		04DD3C331D57A72C00DEBB32 /* Info.plist */ = {isa = PBXFileReference; lastKnownFileType = text.plist.xml; path = Info.plist; sourceTree = "<group>"; };
		04DD3C381D57A72C00DEBB32 /* Transport4ChurchUITests.xctest */ = {isa = PBXFileReference; explicitFileType = wrapper.cfbundle; includeInIndex = 0; path = Transport4ChurchUITests.xctest; sourceTree = BUILT_PRODUCTS_DIR; };
		04DD3C3C1D57A72C00DEBB32 /* Transport4ChurchUITests.swift */ = {isa = PBXFileReference; lastKnownFileType = sourcecode.swift; path = Transport4ChurchUITests.swift; sourceTree = "<group>"; };
		04DD3C3E1D57A72C00DEBB32 /* Info.plist */ = {isa = PBXFileReference; lastKnownFileType = text.plist.xml; path = Info.plist; sourceTree = "<group>"; };
		04DD3C4A1D57A88E00DEBB32 /* UIViewExtension.swift */ = {isa = PBXFileReference; fileEncoding = 4; lastKnownFileType = sourcecode.swift; path = UIViewExtension.swift; sourceTree = "<group>"; };
		04DD3C4C1D5909B700DEBB32 /* RegisterFormViewController.swift */ = {isa = PBXFileReference; fileEncoding = 4; lastKnownFileType = sourcecode.swift; path = RegisterFormViewController.swift; sourceTree = "<group>"; };
		04DD3C4E1D591C8500DEBB32 /* PickupRiderController.swift */ = {isa = PBXFileReference; fileEncoding = 4; lastKnownFileType = sourcecode.swift; path = PickupRiderController.swift; sourceTree = "<group>"; };
		2B3148B7DBC0B7F371C5393E /* Pods-Transport4ChurchTests.release.xcconfig */ = {isa = PBXFileReference; includeInIndex = 1; lastKnownFileType = text.xcconfig; name = "Pods-Transport4ChurchTests.release.xcconfig"; path = "Pods/Target Support Files/Pods-Transport4ChurchTests/Pods-Transport4ChurchTests.release.xcconfig"; sourceTree = "<group>"; };
		43632A041D5B62F700AD3B75 /* ConfirmPickupFormController.swift */ = {isa = PBXFileReference; fileEncoding = 4; lastKnownFileType = sourcecode.swift; path = ConfirmPickupFormController.swift; sourceTree = "<group>"; };
		43632A061D5B786800AD3B75 /* Trip.swift */ = {isa = PBXFileReference; fileEncoding = 4; lastKnownFileType = sourcecode.swift; path = Trip.swift; sourceTree = "<group>"; };
		43632A081D5B811600AD3B75 /* FormButton.swift */ = {isa = PBXFileReference; fileEncoding = 4; lastKnownFileType = sourcecode.swift; path = FormButton.swift; sourceTree = "<group>"; };
		43632A0A1D5B88A200AD3B75 /* TrackPickupController.swift */ = {isa = PBXFileReference; fileEncoding = 4; lastKnownFileType = sourcecode.swift; path = TrackPickupController.swift; sourceTree = "<group>"; };
		43632A0D1D5CCBCC00AD3B75 /* User.swift */ = {isa = PBXFileReference; fileEncoding = 4; lastKnownFileType = sourcecode.swift; path = User.swift; sourceTree = "<group>"; };
		43E383711D5A1F2E0014DED2 /* Transport4Church-Bridging-Header.h */ = {isa = PBXFileReference; lastKnownFileType = sourcecode.c.h; path = "Transport4Church-Bridging-Header.h"; sourceTree = "<group>"; };
		43E383761D5A38EF0014DED2 /* LocationResultsController.swift */ = {isa = PBXFileReference; fileEncoding = 4; lastKnownFileType = sourcecode.swift; path = LocationResultsController.swift; sourceTree = "<group>"; };
		488882E45C394C24207FC14B /* Pods_Transport4Church.framework */ = {isa = PBXFileReference; explicitFileType = wrapper.framework; includeInIndex = 0; path = Pods_Transport4Church.framework; sourceTree = BUILT_PRODUCTS_DIR; };
		4A2CC14E5C1894F233DB1578 /* Pods-Transport4Church.debug.xcconfig */ = {isa = PBXFileReference; includeInIndex = 1; lastKnownFileType = text.xcconfig; name = "Pods-Transport4Church.debug.xcconfig"; path = "Pods/Target Support Files/Pods-Transport4Church/Pods-Transport4Church.debug.xcconfig"; sourceTree = "<group>"; };
		52D404B604434C9A8A2083EB /* Pods_Transport4ChurchTests.framework */ = {isa = PBXFileReference; explicitFileType = wrapper.framework; includeInIndex = 0; path = Pods_Transport4ChurchTests.framework; sourceTree = BUILT_PRODUCTS_DIR; };
		90CAB7063715F7564B7B9A9F /* Pods_Transport4ChurchUITests.framework */ = {isa = PBXFileReference; explicitFileType = wrapper.framework; includeInIndex = 0; path = Pods_Transport4ChurchUITests.framework; sourceTree = BUILT_PRODUCTS_DIR; };
		A891570EE997745F88955EEE /* Pods-Transport4ChurchUITests.release.xcconfig */ = {isa = PBXFileReference; includeInIndex = 1; lastKnownFileType = text.xcconfig; name = "Pods-Transport4ChurchUITests.release.xcconfig"; path = "Pods/Target Support Files/Pods-Transport4ChurchUITests/Pods-Transport4ChurchUITests.release.xcconfig"; sourceTree = "<group>"; };
		AB51584F7DB2C99245CC3AD9 /* Pods-Transport4Church.release.xcconfig */ = {isa = PBXFileReference; includeInIndex = 1; lastKnownFileType = text.xcconfig; name = "Pods-Transport4Church.release.xcconfig"; path = "Pods/Target Support Files/Pods-Transport4Church/Pods-Transport4Church.release.xcconfig"; sourceTree = "<group>"; };
		B97745C60E340341893AE75B /* Pods-Transport4ChurchUITests.debug.xcconfig */ = {isa = PBXFileReference; includeInIndex = 1; lastKnownFileType = text.xcconfig; name = "Pods-Transport4ChurchUITests.debug.xcconfig"; path = "Pods/Target Support Files/Pods-Transport4ChurchUITests/Pods-Transport4ChurchUITests.debug.xcconfig"; sourceTree = "<group>"; };
		E06813A56D56A7ABCC4DFCB3 /* Pods-Transport4ChurchTests.debug.xcconfig */ = {isa = PBXFileReference; includeInIndex = 1; lastKnownFileType = text.xcconfig; name = "Pods-Transport4ChurchTests.debug.xcconfig"; path = "Pods/Target Support Files/Pods-Transport4ChurchTests/Pods-Transport4ChurchTests.debug.xcconfig"; sourceTree = "<group>"; };
/* End PBXFileReference section */

/* Begin PBXFrameworksBuildPhase section */
		04DD3C131D57A72C00DEBB32 /* Frameworks */ = {
			isa = PBXFrameworksBuildPhase;
			buildActionMask = 2147483647;
			files = (
				83EA7DC4DB1B69BE86C35912 /* Pods_Transport4Church.framework in Frameworks */,
			);
			runOnlyForDeploymentPostprocessing = 0;
		};
		04DD3C2A1D57A72C00DEBB32 /* Frameworks */ = {
			isa = PBXFrameworksBuildPhase;
			buildActionMask = 2147483647;
			files = (
				B13003BA457486F1A85BB05D /* Pods_Transport4ChurchTests.framework in Frameworks */,
			);
			runOnlyForDeploymentPostprocessing = 0;
		};
		04DD3C351D57A72C00DEBB32 /* Frameworks */ = {
			isa = PBXFrameworksBuildPhase;
			buildActionMask = 2147483647;
			files = (
				9C3BDE250107873CD48D2C67 /* Pods_Transport4ChurchUITests.framework in Frameworks */,
			);
			runOnlyForDeploymentPostprocessing = 0;
		};
/* End PBXFrameworksBuildPhase section */

/* Begin PBXGroup section */
		04DD3C0D1D57A72C00DEBB32 = {
			isa = PBXGroup;
			children = (
				04DD3C181D57A72C00DEBB32 /* Transport4Church */,
				04DD3C301D57A72C00DEBB32 /* Transport4ChurchTests */,
				04DD3C3B1D57A72C00DEBB32 /* Transport4ChurchUITests */,
				04DD3C171D57A72C00DEBB32 /* Products */,
				43E383711D5A1F2E0014DED2 /* Transport4Church-Bridging-Header.h */,
				6951CF0CE312A750D76D9A2B /* Pods */,
				EDCB8EAB8A43C59FF31AC9D3 /* Frameworks */,
			);
			sourceTree = "<group>";
		};
		04DD3C171D57A72C00DEBB32 /* Products */ = {
			isa = PBXGroup;
			children = (
				04DD3C161D57A72C00DEBB32 /* Transport4Church.app */,
				04DD3C2D1D57A72C00DEBB32 /* Transport4ChurchTests.xctest */,
				04DD3C381D57A72C00DEBB32 /* Transport4ChurchUITests.xctest */,
			);
			name = Products;
			sourceTree = "<group>";
		};
		04DD3C181D57A72C00DEBB32 /* Transport4Church */ = {
			isa = PBXGroup;
			children = (
				43632A0C1D5CCBB100AD3B75 /* Models */,
				04DD3C191D57A72C00DEBB32 /* AppDelegate.swift */,
				04DD3C1B1D57A72C00DEBB32 /* LoginViewController.swift */,
				04DD3C4C1D5909B700DEBB32 /* RegisterFormViewController.swift */,
				04DD3C4E1D591C8500DEBB32 /* PickupRiderController.swift */,
				04DD3C231D57A72C00DEBB32 /* Assets.xcassets */,
				04DD3C251D57A72C00DEBB32 /* LaunchScreen.storyboard */,
				04DD3C281D57A72C00DEBB32 /* Info.plist */,
				04DD3C201D57A72C00DEBB32 /* Transport4Church.xcdatamodeld */,
				04DD3C4A1D57A88E00DEBB32 /* UIViewExtension.swift */,
				43E383761D5A38EF0014DED2 /* LocationResultsController.swift */,
				43632A041D5B62F700AD3B75 /* ConfirmPickupFormController.swift */,
				43632A0A1D5B88A200AD3B75 /* TrackPickupController.swift */,
				43632A081D5B811600AD3B75 /* FormButton.swift */,
			);
			path = Transport4Church;
			sourceTree = "<group>";
		};
		04DD3C301D57A72C00DEBB32 /* Transport4ChurchTests */ = {
			isa = PBXGroup;
			children = (
				04DD3C311D57A72C00DEBB32 /* Transport4ChurchTests.swift */,
				04DD3C331D57A72C00DEBB32 /* Info.plist */,
			);
			path = Transport4ChurchTests;
			sourceTree = "<group>";
		};
		04DD3C3B1D57A72C00DEBB32 /* Transport4ChurchUITests */ = {
			isa = PBXGroup;
			children = (
				04DD3C3C1D57A72C00DEBB32 /* Transport4ChurchUITests.swift */,
				04DD3C3E1D57A72C00DEBB32 /* Info.plist */,
			);
			path = Transport4ChurchUITests;
			sourceTree = "<group>";
		};
		43632A0C1D5CCBB100AD3B75 /* Models */ = {
			isa = PBXGroup;
			children = (
				43632A061D5B786800AD3B75 /* Trip.swift */,
				43632A0D1D5CCBCC00AD3B75 /* User.swift */,
			);
			name = Models;
			sourceTree = "<group>";
		};
		6951CF0CE312A750D76D9A2B /* Pods */ = {
			isa = PBXGroup;
			children = (
				4A2CC14E5C1894F233DB1578 /* Pods-Transport4Church.debug.xcconfig */,
				AB51584F7DB2C99245CC3AD9 /* Pods-Transport4Church.release.xcconfig */,
				E06813A56D56A7ABCC4DFCB3 /* Pods-Transport4ChurchTests.debug.xcconfig */,
				2B3148B7DBC0B7F371C5393E /* Pods-Transport4ChurchTests.release.xcconfig */,
				B97745C60E340341893AE75B /* Pods-Transport4ChurchUITests.debug.xcconfig */,
				A891570EE997745F88955EEE /* Pods-Transport4ChurchUITests.release.xcconfig */,
			);
			name = Pods;
			sourceTree = "<group>";
		};
		EDCB8EAB8A43C59FF31AC9D3 /* Frameworks */ = {
			isa = PBXGroup;
			children = (
				488882E45C394C24207FC14B /* Pods_Transport4Church.framework */,
				52D404B604434C9A8A2083EB /* Pods_Transport4ChurchTests.framework */,
				90CAB7063715F7564B7B9A9F /* Pods_Transport4ChurchUITests.framework */,
			);
			name = Frameworks;
			sourceTree = "<group>";
		};
/* End PBXGroup section */

/* Begin PBXNativeTarget section */
		04DD3C151D57A72C00DEBB32 /* Transport4Church */ = {
			isa = PBXNativeTarget;
			buildConfigurationList = 04DD3C411D57A72C00DEBB32 /* Build configuration list for PBXNativeTarget "Transport4Church" */;
			buildPhases = (
				4DCAFA600FC7821D835E476A /* [CP] Check Pods Manifest.lock */,
				04DD3C121D57A72C00DEBB32 /* Sources */,
				04DD3C131D57A72C00DEBB32 /* Frameworks */,
				04DD3C141D57A72C00DEBB32 /* Resources */,
				BF467F1C80AD15B1100D7A75 /* [CP] Embed Pods Frameworks */,
				BE660D48D3DD2729BE3AD5B0 /* [CP] Copy Pods Resources */,
			);
			buildRules = (
			);
			dependencies = (
			);
			name = Transport4Church;
			productName = Transport4Church;
			productReference = 04DD3C161D57A72C00DEBB32 /* Transport4Church.app */;
			productType = "com.apple.product-type.application";
		};
		04DD3C2C1D57A72C00DEBB32 /* Transport4ChurchTests */ = {
			isa = PBXNativeTarget;
			buildConfigurationList = 04DD3C441D57A72C00DEBB32 /* Build configuration list for PBXNativeTarget "Transport4ChurchTests" */;
			buildPhases = (
				B4C3297F68854D5D52C462AC /* [CP] Check Pods Manifest.lock */,
				04DD3C291D57A72C00DEBB32 /* Sources */,
				04DD3C2A1D57A72C00DEBB32 /* Frameworks */,
				04DD3C2B1D57A72C00DEBB32 /* Resources */,
				E641A87BC505824D6A80F35B /* [CP] Embed Pods Frameworks */,
				6D997063FE41C766F0C8B6A2 /* [CP] Copy Pods Resources */,
			);
			buildRules = (
			);
			dependencies = (
				04DD3C2F1D57A72C00DEBB32 /* PBXTargetDependency */,
			);
			name = Transport4ChurchTests;
			productName = Transport4ChurchTests;
			productReference = 04DD3C2D1D57A72C00DEBB32 /* Transport4ChurchTests.xctest */;
			productType = "com.apple.product-type.bundle.unit-test";
		};
		04DD3C371D57A72C00DEBB32 /* Transport4ChurchUITests */ = {
			isa = PBXNativeTarget;
			buildConfigurationList = 04DD3C471D57A72C00DEBB32 /* Build configuration list for PBXNativeTarget "Transport4ChurchUITests" */;
			buildPhases = (
				642448CD55C207305F7169C0 /* [CP] Check Pods Manifest.lock */,
				04DD3C341D57A72C00DEBB32 /* Sources */,
				04DD3C351D57A72C00DEBB32 /* Frameworks */,
				04DD3C361D57A72C00DEBB32 /* Resources */,
				C1D289DA8DD6BD2453F3D955 /* [CP] Copy Pods Resources */,
			);
			buildRules = (
			);
			dependencies = (
				04DD3C3A1D57A72C00DEBB32 /* PBXTargetDependency */,
			);
			name = Transport4ChurchUITests;
			productName = Transport4ChurchUITests;
			productReference = 04DD3C381D57A72C00DEBB32 /* Transport4ChurchUITests.xctest */;
			productType = "com.apple.product-type.bundle.ui-testing";
		};
/* End PBXNativeTarget section */

/* Begin PBXProject section */
		04DD3C0E1D57A72C00DEBB32 /* Project object */ = {
			isa = PBXProject;
			attributes = {
				LastSwiftUpdateCheck = 0730;
				LastUpgradeCheck = 0730;
				ORGANIZATIONNAME = rccg;
				TargetAttributes = {
					04DD3C151D57A72C00DEBB32 = {
						CreatedOnToolsVersion = 7.3;
						DevelopmentTeam = ND37B5VWDX;
					};
					04DD3C2C1D57A72C00DEBB32 = {
						CreatedOnToolsVersion = 7.3;
						DevelopmentTeam = ND37B5VWDX;
						TestTargetID = 04DD3C151D57A72C00DEBB32;
					};
					04DD3C371D57A72C00DEBB32 = {
						CreatedOnToolsVersion = 7.3;
						DevelopmentTeam = ND37B5VWDX;
						TestTargetID = 04DD3C151D57A72C00DEBB32;
					};
				};
			};
			buildConfigurationList = 04DD3C111D57A72C00DEBB32 /* Build configuration list for PBXProject "Transport4Church" */;
			compatibilityVersion = "Xcode 3.2";
			developmentRegion = English;
			hasScannedForEncodings = 0;
			knownRegions = (
				en,
				Base,
			);
			mainGroup = 04DD3C0D1D57A72C00DEBB32;
			productRefGroup = 04DD3C171D57A72C00DEBB32 /* Products */;
			projectDirPath = "";
			projectRoot = "";
			targets = (
				04DD3C151D57A72C00DEBB32 /* Transport4Church */,
				04DD3C2C1D57A72C00DEBB32 /* Transport4ChurchTests */,
				04DD3C371D57A72C00DEBB32 /* Transport4ChurchUITests */,
			);
		};
/* End PBXProject section */

/* Begin PBXResourcesBuildPhase section */
		04DD3C141D57A72C00DEBB32 /* Resources */ = {
			isa = PBXResourcesBuildPhase;
			buildActionMask = 2147483647;
			files = (
				04DD3C271D57A72C00DEBB32 /* LaunchScreen.storyboard in Resources */,
				04DD3C241D57A72C00DEBB32 /* Assets.xcassets in Resources */,
			);
			runOnlyForDeploymentPostprocessing = 0;
		};
		04DD3C2B1D57A72C00DEBB32 /* Resources */ = {
			isa = PBXResourcesBuildPhase;
			buildActionMask = 2147483647;
			files = (
			);
			runOnlyForDeploymentPostprocessing = 0;
		};
		04DD3C361D57A72C00DEBB32 /* Resources */ = {
			isa = PBXResourcesBuildPhase;
			buildActionMask = 2147483647;
			files = (
			);
			runOnlyForDeploymentPostprocessing = 0;
		};
/* End PBXResourcesBuildPhase section */

/* Begin PBXShellScriptBuildPhase section */
		4DCAFA600FC7821D835E476A /* [CP] Check Pods Manifest.lock */ = {
			isa = PBXShellScriptBuildPhase;
			buildActionMask = 2147483647;
			files = (
			);
			inputPaths = (
			);
			name = "[CP] Check Pods Manifest.lock";
			outputPaths = (
			);
			runOnlyForDeploymentPostprocessing = 0;
			shellPath = /bin/sh;
			shellScript = "diff \"${PODS_ROOT}/../Podfile.lock\" \"${PODS_ROOT}/Manifest.lock\" > /dev/null\nif [[ $? != 0 ]] ; then\n    cat << EOM\nerror: The sandbox is not in sync with the Podfile.lock. Run 'pod install' or update your CocoaPods installation.\nEOM\n    exit 1\nfi\n";
			showEnvVarsInLog = 0;
		};
		642448CD55C207305F7169C0 /* [CP] Check Pods Manifest.lock */ = {
			isa = PBXShellScriptBuildPhase;
			buildActionMask = 2147483647;
			files = (
			);
			inputPaths = (
			);
			name = "[CP] Check Pods Manifest.lock";
			outputPaths = (
			);
			runOnlyForDeploymentPostprocessing = 0;
			shellPath = /bin/sh;
			shellScript = "diff \"${PODS_ROOT}/../Podfile.lock\" \"${PODS_ROOT}/Manifest.lock\" > /dev/null\nif [[ $? != 0 ]] ; then\n    cat << EOM\nerror: The sandbox is not in sync with the Podfile.lock. Run 'pod install' or update your CocoaPods installation.\nEOM\n    exit 1\nfi\n";
			showEnvVarsInLog = 0;
		};
		6D997063FE41C766F0C8B6A2 /* [CP] Copy Pods Resources */ = {
			isa = PBXShellScriptBuildPhase;
			buildActionMask = 2147483647;
			files = (
			);
			inputPaths = (
			);
			name = "[CP] Copy Pods Resources";
			outputPaths = (
			);
			runOnlyForDeploymentPostprocessing = 0;
			shellPath = /bin/sh;
			shellScript = "\"${SRCROOT}/Pods/Target Support Files/Pods-Transport4ChurchTests/Pods-Transport4ChurchTests-resources.sh\"\n";
			showEnvVarsInLog = 0;
		};
		B4C3297F68854D5D52C462AC /* [CP] Check Pods Manifest.lock */ = {
			isa = PBXShellScriptBuildPhase;
			buildActionMask = 2147483647;
			files = (
			);
			inputPaths = (
			);
			name = "[CP] Check Pods Manifest.lock";
			outputPaths = (
			);
			runOnlyForDeploymentPostprocessing = 0;
			shellPath = /bin/sh;
			shellScript = "diff \"${PODS_ROOT}/../Podfile.lock\" \"${PODS_ROOT}/Manifest.lock\" > /dev/null\nif [[ $? != 0 ]] ; then\n    cat << EOM\nerror: The sandbox is not in sync with the Podfile.lock. Run 'pod install' or update your CocoaPods installation.\nEOM\n    exit 1\nfi\n";
			showEnvVarsInLog = 0;
		};
		BE660D48D3DD2729BE3AD5B0 /* [CP] Copy Pods Resources */ = {
			isa = PBXShellScriptBuildPhase;
			buildActionMask = 2147483647;
			files = (
			);
			inputPaths = (
			);
			name = "[CP] Copy Pods Resources";
			outputPaths = (
			);
			runOnlyForDeploymentPostprocessing = 0;
			shellPath = /bin/sh;
			shellScript = "\"${SRCROOT}/Pods/Target Support Files/Pods-Transport4Church/Pods-Transport4Church-resources.sh\"\n";
			showEnvVarsInLog = 0;
		};
		BF467F1C80AD15B1100D7A75 /* [CP] Embed Pods Frameworks */ = {
			isa = PBXShellScriptBuildPhase;
			buildActionMask = 2147483647;
			files = (
			);
			inputPaths = (
			);
			name = "[CP] Embed Pods Frameworks";
			outputPaths = (
			);
			runOnlyForDeploymentPostprocessing = 0;
			shellPath = /bin/sh;
			shellScript = "\"${SRCROOT}/Pods/Target Support Files/Pods-Transport4Church/Pods-Transport4Church-frameworks.sh\"\n";
			showEnvVarsInLog = 0;
		};
		C1D289DA8DD6BD2453F3D955 /* [CP] Copy Pods Resources */ = {
			isa = PBXShellScriptBuildPhase;
			buildActionMask = 2147483647;
			files = (
			);
			inputPaths = (
			);
			name = "[CP] Copy Pods Resources";
			outputPaths = (
			);
			runOnlyForDeploymentPostprocessing = 0;
			shellPath = /bin/sh;
			shellScript = "\"${SRCROOT}/Pods/Target Support Files/Pods-Transport4ChurchUITests/Pods-Transport4ChurchUITests-resources.sh\"\n";
			showEnvVarsInLog = 0;
		};
		E641A87BC505824D6A80F35B /* [CP] Embed Pods Frameworks */ = {
			isa = PBXShellScriptBuildPhase;
			buildActionMask = 2147483647;
			files = (
			);
			inputPaths = (
			);
			name = "[CP] Embed Pods Frameworks";
			outputPaths = (
			);
			runOnlyForDeploymentPostprocessing = 0;
			shellPath = /bin/sh;
			shellScript = "\"${SRCROOT}/Pods/Target Support Files/Pods-Transport4ChurchTests/Pods-Transport4ChurchTests-frameworks.sh\"\n";
			showEnvVarsInLog = 0;
		};
/* End PBXShellScriptBuildPhase section */

/* Begin PBXSourcesBuildPhase section */
		04DD3C121D57A72C00DEBB32 /* Sources */ = {
			isa = PBXSourcesBuildPhase;
			buildActionMask = 2147483647;
			files = (
				43632A0B1D5B88A200AD3B75 /* TrackPickupController.swift in Sources */,
				04DD3C221D57A72C00DEBB32 /* Transport4Church.xcdatamodeld in Sources */,
				43E383771D5A38EF0014DED2 /* LocationResultsController.swift in Sources */,
				43632A071D5B786800AD3B75 /* Trip.swift in Sources */,
				04DD3C1C1D57A72C00DEBB32 /* LoginViewController.swift in Sources */,
				04DD3C4F1D591C8500DEBB32 /* PickupRiderController.swift in Sources */,
				43632A051D5B62F700AD3B75 /* ConfirmPickupFormController.swift in Sources */,
				04DD3C4B1D57A88E00DEBB32 /* UIViewExtension.swift in Sources */,
				43632A0E1D5CCBCC00AD3B75 /* User.swift in Sources */,
				04DD3C1A1D57A72C00DEBB32 /* AppDelegate.swift in Sources */,
				04DD3C4D1D5909B700DEBB32 /* RegisterFormViewController.swift in Sources */,
				43632A091D5B811600AD3B75 /* FormButton.swift in Sources */,
			);
			runOnlyForDeploymentPostprocessing = 0;
		};
		04DD3C291D57A72C00DEBB32 /* Sources */ = {
			isa = PBXSourcesBuildPhase;
			buildActionMask = 2147483647;
			files = (
				04DD3C321D57A72C00DEBB32 /* Transport4ChurchTests.swift in Sources */,
			);
			runOnlyForDeploymentPostprocessing = 0;
		};
		04DD3C341D57A72C00DEBB32 /* Sources */ = {
			isa = PBXSourcesBuildPhase;
			buildActionMask = 2147483647;
			files = (
				04DD3C3D1D57A72C00DEBB32 /* Transport4ChurchUITests.swift in Sources */,
			);
			runOnlyForDeploymentPostprocessing = 0;
		};
/* End PBXSourcesBuildPhase section */

/* Begin PBXTargetDependency section */
		04DD3C2F1D57A72C00DEBB32 /* PBXTargetDependency */ = {
			isa = PBXTargetDependency;
			target = 04DD3C151D57A72C00DEBB32 /* Transport4Church */;
			targetProxy = 04DD3C2E1D57A72C00DEBB32 /* PBXContainerItemProxy */;
		};
		04DD3C3A1D57A72C00DEBB32 /* PBXTargetDependency */ = {
			isa = PBXTargetDependency;
			target = 04DD3C151D57A72C00DEBB32 /* Transport4Church */;
			targetProxy = 04DD3C391D57A72C00DEBB32 /* PBXContainerItemProxy */;
		};
/* End PBXTargetDependency section */

/* Begin PBXVariantGroup section */
		04DD3C251D57A72C00DEBB32 /* LaunchScreen.storyboard */ = {
			isa = PBXVariantGroup;
			children = (
				04DD3C261D57A72C00DEBB32 /* Base */,
			);
			name = LaunchScreen.storyboard;
			sourceTree = "<group>";
		};
/* End PBXVariantGroup section */

/* Begin XCBuildConfiguration section */
		04DD3C3F1D57A72C00DEBB32 /* Debug */ = {
			isa = XCBuildConfiguration;
			buildSettings = {
				ALWAYS_SEARCH_USER_PATHS = NO;
				CLANG_ANALYZER_NONNULL = YES;
				CLANG_CXX_LANGUAGE_STANDARD = "gnu++0x";
				CLANG_CXX_LIBRARY = "libc++";
				CLANG_ENABLE_MODULES = YES;
				CLANG_ENABLE_OBJC_ARC = YES;
				CLANG_WARN_BOOL_CONVERSION = YES;
				CLANG_WARN_CONSTANT_CONVERSION = YES;
				CLANG_WARN_DIRECT_OBJC_ISA_USAGE = YES_ERROR;
				CLANG_WARN_EMPTY_BODY = YES;
				CLANG_WARN_ENUM_CONVERSION = YES;
				CLANG_WARN_INT_CONVERSION = YES;
				CLANG_WARN_OBJC_ROOT_CLASS = YES_ERROR;
				CLANG_WARN_UNREACHABLE_CODE = YES;
				CLANG_WARN__DUPLICATE_METHOD_MATCH = YES;
				"CODE_SIGN_IDENTITY[sdk=iphoneos*]" = "iPhone Developer";
				COPY_PHASE_STRIP = NO;
				DEBUG_INFORMATION_FORMAT = dwarf;
				ENABLE_STRICT_OBJC_MSGSEND = YES;
				ENABLE_TESTABILITY = YES;
				GCC_C_LANGUAGE_STANDARD = gnu99;
				GCC_DYNAMIC_NO_PIC = NO;
				GCC_NO_COMMON_BLOCKS = YES;
				GCC_OPTIMIZATION_LEVEL = 0;
				GCC_PREPROCESSOR_DEFINITIONS = (
					"DEBUG=1",
					"$(inherited)",
				);
				GCC_WARN_64_TO_32_BIT_CONVERSION = YES;
				GCC_WARN_ABOUT_RETURN_TYPE = YES_ERROR;
				GCC_WARN_UNDECLARED_SELECTOR = YES;
				GCC_WARN_UNINITIALIZED_AUTOS = YES_AGGRESSIVE;
				GCC_WARN_UNUSED_FUNCTION = YES;
				GCC_WARN_UNUSED_VARIABLE = YES;
				IPHONEOS_DEPLOYMENT_TARGET = 9.3;
				MTL_ENABLE_DEBUG_INFO = YES;
				ONLY_ACTIVE_ARCH = YES;
				SDKROOT = iphoneos;
				SWIFT_OPTIMIZATION_LEVEL = "-Onone";
			};
			name = Debug;
		};
		04DD3C401D57A72C00DEBB32 /* Release */ = {
			isa = XCBuildConfiguration;
			buildSettings = {
				ALWAYS_SEARCH_USER_PATHS = NO;
				CLANG_ANALYZER_NONNULL = YES;
				CLANG_CXX_LANGUAGE_STANDARD = "gnu++0x";
				CLANG_CXX_LIBRARY = "libc++";
				CLANG_ENABLE_MODULES = YES;
				CLANG_ENABLE_OBJC_ARC = YES;
				CLANG_WARN_BOOL_CONVERSION = YES;
				CLANG_WARN_CONSTANT_CONVERSION = YES;
				CLANG_WARN_DIRECT_OBJC_ISA_USAGE = YES_ERROR;
				CLANG_WARN_EMPTY_BODY = YES;
				CLANG_WARN_ENUM_CONVERSION = YES;
				CLANG_WARN_INT_CONVERSION = YES;
				CLANG_WARN_OBJC_ROOT_CLASS = YES_ERROR;
				CLANG_WARN_UNREACHABLE_CODE = YES;
				CLANG_WARN__DUPLICATE_METHOD_MATCH = YES;
				"CODE_SIGN_IDENTITY[sdk=iphoneos*]" = "iPhone Developer";
				COPY_PHASE_STRIP = NO;
				DEBUG_INFORMATION_FORMAT = "dwarf-with-dsym";
				ENABLE_NS_ASSERTIONS = NO;
				ENABLE_STRICT_OBJC_MSGSEND = YES;
				GCC_C_LANGUAGE_STANDARD = gnu99;
				GCC_NO_COMMON_BLOCKS = YES;
				GCC_WARN_64_TO_32_BIT_CONVERSION = YES;
				GCC_WARN_ABOUT_RETURN_TYPE = YES_ERROR;
				GCC_WARN_UNDECLARED_SELECTOR = YES;
				GCC_WARN_UNINITIALIZED_AUTOS = YES_AGGRESSIVE;
				GCC_WARN_UNUSED_FUNCTION = YES;
				GCC_WARN_UNUSED_VARIABLE = YES;
				IPHONEOS_DEPLOYMENT_TARGET = 9.3;
				MTL_ENABLE_DEBUG_INFO = NO;
				SDKROOT = iphoneos;
				VALIDATE_PRODUCT = YES;
			};
			name = Release;
		};
		04DD3C421D57A72C00DEBB32 /* Debug */ = {
			isa = XCBuildConfiguration;
			baseConfigurationReference = 4A2CC14E5C1894F233DB1578 /* Pods-Transport4Church.debug.xcconfig */;
			buildSettings = {
				ASSETCATALOG_COMPILER_APPICON_NAME = AppIcon;
				CLANG_ENABLE_MODULES = YES;
				INFOPLIST_FILE = Transport4Church/Info.plist;
				LD_RUNPATH_SEARCH_PATHS = "$(inherited) @executable_path/Frameworks";
				OTHER_LDFLAGS = (
					"-ObjC",
					"$(inherited)",
				);
				PRODUCT_BUNDLE_IDENTIFIER = org.rccg.Transport4Church;
				PRODUCT_NAME = "$(TARGET_NAME)";
				SWIFT_OBJC_BRIDGING_HEADER = "Transport4Church-Bridging-Header.h";
				SWIFT_OPTIMIZATION_LEVEL = "-Onone";
			};
			name = Debug;
		};
		04DD3C431D57A72C00DEBB32 /* Release */ = {
			isa = XCBuildConfiguration;
			baseConfigurationReference = AB51584F7DB2C99245CC3AD9 /* Pods-Transport4Church.release.xcconfig */;
			buildSettings = {
				ASSETCATALOG_COMPILER_APPICON_NAME = AppIcon;
				CLANG_ENABLE_MODULES = YES;
				INFOPLIST_FILE = Transport4Church/Info.plist;
				LD_RUNPATH_SEARCH_PATHS = "$(inherited) @executable_path/Frameworks";
				OTHER_LDFLAGS = (
					"-ObjC",
					"$(inherited)",
				);
				PRODUCT_BUNDLE_IDENTIFIER = org.rccg.Transport4Church;
				PRODUCT_NAME = "$(TARGET_NAME)";
				SWIFT_OBJC_BRIDGING_HEADER = "Transport4Church-Bridging-Header.h";
			};
			name = Release;
		};
		04DD3C451D57A72C00DEBB32 /* Debug */ = {
			isa = XCBuildConfiguration;
			baseConfigurationReference = E06813A56D56A7ABCC4DFCB3 /* Pods-Transport4ChurchTests.debug.xcconfig */;
			buildSettings = {
				BUNDLE_LOADER = "$(TEST_HOST)";
				INFOPLIST_FILE = Transport4ChurchTests/Info.plist;
				LD_RUNPATH_SEARCH_PATHS = "$(inherited) @executable_path/Frameworks @loader_path/Frameworks";
				PRODUCT_BUNDLE_IDENTIFIER = org.rccg.Transport4ChurchTests;
				PRODUCT_NAME = "$(TARGET_NAME)";
				TEST_HOST = "$(BUILT_PRODUCTS_DIR)/Transport4Church.app/Transport4Church";
			};
			name = Debug;
		};
		04DD3C461D57A72C00DEBB32 /* Release */ = {
			isa = XCBuildConfiguration;
			baseConfigurationReference = 2B3148B7DBC0B7F371C5393E /* Pods-Transport4ChurchTests.release.xcconfig */;
			buildSettings = {
				BUNDLE_LOADER = "$(TEST_HOST)";
				INFOPLIST_FILE = Transport4ChurchTests/Info.plist;
				LD_RUNPATH_SEARCH_PATHS = "$(inherited) @executable_path/Frameworks @loader_path/Frameworks";
				PRODUCT_BUNDLE_IDENTIFIER = org.rccg.Transport4ChurchTests;
				PRODUCT_NAME = "$(TARGET_NAME)";
				TEST_HOST = "$(BUILT_PRODUCTS_DIR)/Transport4Church.app/Transport4Church";
			};
			name = Release;
		};
		04DD3C481D57A72C00DEBB32 /* Debug */ = {
			isa = XCBuildConfiguration;
			baseConfigurationReference = B97745C60E340341893AE75B /* Pods-Transport4ChurchUITests.debug.xcconfig */;
			buildSettings = {
				INFOPLIST_FILE = Transport4ChurchUITests/Info.plist;
				LD_RUNPATH_SEARCH_PATHS = "$(inherited) @executable_path/Frameworks @loader_path/Frameworks";
				PRODUCT_BUNDLE_IDENTIFIER = org.rccg.Transport4ChurchUITests;
				PRODUCT_NAME = "$(TARGET_NAME)";
				TEST_TARGET_NAME = Transport4Church;
			};
			name = Debug;
		};
		04DD3C491D57A72C00DEBB32 /* Release */ = {
			isa = XCBuildConfiguration;
			baseConfigurationReference = A891570EE997745F88955EEE /* Pods-Transport4ChurchUITests.release.xcconfig */;
			buildSettings = {
				INFOPLIST_FILE = Transport4ChurchUITests/Info.plist;
				LD_RUNPATH_SEARCH_PATHS = "$(inherited) @executable_path/Frameworks @loader_path/Frameworks";
				PRODUCT_BUNDLE_IDENTIFIER = org.rccg.Transport4ChurchUITests;
				PRODUCT_NAME = "$(TARGET_NAME)";
				TEST_TARGET_NAME = Transport4Church;
			};
			name = Release;
		};
/* End XCBuildConfiguration section */

/* Begin XCConfigurationList section */
		04DD3C111D57A72C00DEBB32 /* Build configuration list for PBXProject "Transport4Church" */ = {
			isa = XCConfigurationList;
			buildConfigurations = (
				04DD3C3F1D57A72C00DEBB32 /* Debug */,
				04DD3C401D57A72C00DEBB32 /* Release */,
			);
			defaultConfigurationIsVisible = 0;
			defaultConfigurationName = Release;
		};
		04DD3C411D57A72C00DEBB32 /* Build configuration list for PBXNativeTarget "Transport4Church" */ = {
			isa = XCConfigurationList;
			buildConfigurations = (
				04DD3C421D57A72C00DEBB32 /* Debug */,
				04DD3C431D57A72C00DEBB32 /* Release */,
			);
			defaultConfigurationIsVisible = 0;
			defaultConfigurationName = Release;
		};
		04DD3C441D57A72C00DEBB32 /* Build configuration list for PBXNativeTarget "Transport4ChurchTests" */ = {
			isa = XCConfigurationList;
			buildConfigurations = (
				04DD3C451D57A72C00DEBB32 /* Debug */,
				04DD3C461D57A72C00DEBB32 /* Release */,
			);
			defaultConfigurationIsVisible = 0;
			defaultConfigurationName = Release;
		};
		04DD3C471D57A72C00DEBB32 /* Build configuration list for PBXNativeTarget "Transport4ChurchUITests" */ = {
			isa = XCConfigurationList;
			buildConfigurations = (
				04DD3C481D57A72C00DEBB32 /* Debug */,
				04DD3C491D57A72C00DEBB32 /* Release */,
			);
			defaultConfigurationIsVisible = 0;
			defaultConfigurationName = Release;
		};
/* End XCConfigurationList section */

/* Begin XCVersionGroup section */
		04DD3C201D57A72C00DEBB32 /* Transport4Church.xcdatamodeld */ = {
			isa = XCVersionGroup;
			children = (
				04DD3C211D57A72C00DEBB32 /* Transport4Church.xcdatamodel */,
			);
			currentVersion = 04DD3C211D57A72C00DEBB32 /* Transport4Church.xcdatamodel */;
			path = Transport4Church.xcdatamodeld;
			sourceTree = "<group>";
			versionGroupType = wrapper.xcdatamodel;
		};
/* End XCVersionGroup section */
	};
	rootObject = 04DD3C0E1D57A72C00DEBB32 /* Project object */;
}
