<?xml version="1.0" encoding="UTF-8"?>
<!DOCTYPE plist PUBLIC "-//Apple//DTD PLIST 1.0//EN" "http://www.apple.com/DTDs/PropertyList-1.0.dtd">
<plist version="1.0">
<dict>
	<key>archiveVersion</key>
	<string>1</string>
	<key>classes</key>
	<dict/>
	<key>objectVersion</key>
	<string>46</string>
	<key>objects</key>
	<dict>
		<key>04283A341D5D1DB90053D1D2</key>
		<dict>
			<key>fileEncoding</key>
			<string>4</string>
			<key>isa</key>
			<string>PBXFileReference</string>
			<key>lastKnownFileType</key>
			<string>sourcecode.swift</string>
			<key>path</key>
			<string>DriverRequestListController.swift</string>
			<key>sourceTree</key>
			<string>&lt;group&gt;</string>
		</dict>
		<key>04283A351D5D1DB90053D1D2</key>
		<dict>
			<key>fileRef</key>
			<string>04283A341D5D1DB90053D1D2</string>
			<key>isa</key>
			<string>PBXBuildFile</string>
		</dict>
		<key>04283A361D5D1E210053D1D2</key>
		<dict>
			<key>children</key>
			<array>
				<string>43632A041D5B62F700AD3B75</string>
				<string>04DD3C4E1D591C8500DEBB32</string>
				<string>43632A111D61DB7700AD3B75</string>
			</array>
			<key>isa</key>
			<string>PBXGroup</string>
			<key>name</key>
			<string>Rider</string>
			<key>sourceTree</key>
			<string>&lt;group&gt;</string>
		</dict>
		<key>04283A371D5D1E530053D1D2</key>
		<dict>
			<key>children</key>
			<array>
				<string>43632A081D5B811600AD3B75</string>
				<string>04DD3C4A1D57A88E00DEBB32</string>
				<string>43632A191D63269A00AD3B75</string>
			</array>
			<key>isa</key>
			<string>PBXGroup</string>
			<key>name</key>
			<string>Utils</string>
			<key>sourceTree</key>
			<string>&lt;group&gt;</string>
		</dict>
		<key>04283A381D5D1E8F0053D1D2</key>
		<dict>
			<key>children</key>
			<array>
				<string>04283A341D5D1DB90053D1D2</string>
			</array>
			<key>isa</key>
			<string>PBXGroup</string>
			<key>name</key>
			<string>Driver</string>
			<key>sourceTree</key>
			<string>&lt;group&gt;</string>
		</dict>
		<key>04283A391D5D1FC50053D1D2</key>
		<dict>
			<key>children</key>
			<array>
				<string>04DD3C4C1D5909B700DEBB32</string>
			</array>
			<key>isa</key>
			<string>PBXGroup</string>
			<key>name</key>
			<string>Register</string>
			<key>sourceTree</key>
			<string>&lt;group&gt;</string>
		</dict>
		<key>042B42301D68876B008CBFE0</key>
		<dict>
			<key>children</key>
			<array>
				<string>042B42351D68BDD5008CBFE0</string>
				<string>042B42331D6887BE008CBFE0</string>
			</array>
			<key>isa</key>
			<string>PBXGroup</string>
			<key>name</key>
			<string>Backend</string>
			<key>sourceTree</key>
			<string>&lt;group&gt;</string>
		</dict>
		<key>042B42331D6887BE008CBFE0</key>
		<dict>
			<key>fileEncoding</key>
			<string>4</string>
			<key>isa</key>
			<string>PBXFileReference</string>
			<key>lastKnownFileType</key>
			<string>sourcecode.swift</string>
			<key>path</key>
			<string>ParseServer.swift</string>
			<key>sourceTree</key>
			<string>&lt;group&gt;</string>
		</dict>
		<key>042B42341D6887BE008CBFE0</key>
		<dict>
			<key>fileRef</key>
			<string>042B42331D6887BE008CBFE0</string>
			<key>isa</key>
			<string>PBXBuildFile</string>
		</dict>
		<key>042B42351D68BDD5008CBFE0</key>
		<dict>
			<key>children</key>
			<array>
				<string>042B42361D68BE0F008CBFE0</string>
				<string>042B42381D68D908008CBFE0</string>
				<string>042B423A1D6B6D86008CBFE0</string>
			</array>
			<key>isa</key>
			<string>PBXGroup</string>
			<key>name</key>
			<string>Dao</string>
			<key>sourceTree</key>
			<string>&lt;group&gt;</string>
		</dict>
		<key>042B42361D68BE0F008CBFE0</key>
		<dict>
			<key>fileEncoding</key>
			<string>4</string>
			<key>isa</key>
			<string>PBXFileReference</string>
			<key>lastKnownFileType</key>
			<string>sourcecode.swift</string>
			<key>path</key>
			<string>DaoManager.swift</string>
			<key>sourceTree</key>
			<string>&lt;group&gt;</string>
		</dict>
		<key>042B42371D68BE0F008CBFE0</key>
		<dict>
			<key>fileRef</key>
			<string>042B42361D68BE0F008CBFE0</string>
			<key>isa</key>
			<string>PBXBuildFile</string>
		</dict>
		<key>042B42381D68D908008CBFE0</key>
		<dict>
			<key>fileEncoding</key>
			<string>4</string>
			<key>isa</key>
			<string>PBXFileReference</string>
			<key>lastKnownFileType</key>
			<string>sourcecode.swift</string>
			<key>path</key>
			<string>UserRepo.swift</string>
			<key>sourceTree</key>
			<string>&lt;group&gt;</string>
		</dict>
		<key>042B42391D68D908008CBFE0</key>
		<dict>
			<key>fileRef</key>
			<string>042B42381D68D908008CBFE0</string>
			<key>isa</key>
			<string>PBXBuildFile</string>
		</dict>
		<key>042B423A1D6B6D86008CBFE0</key>
		<dict>
			<key>fileEncoding</key>
			<string>4</string>
			<key>isa</key>
			<string>PBXFileReference</string>
			<key>lastKnownFileType</key>
			<string>sourcecode.swift</string>
			<key>path</key>
			<string>TripRepo.swift</string>
			<key>sourceTree</key>
			<string>&lt;group&gt;</string>
		</dict>
		<key>042B423B1D6B6D86008CBFE0</key>
		<dict>
			<key>fileRef</key>
			<string>042B423A1D6B6D86008CBFE0</string>
			<key>isa</key>
			<string>PBXBuildFile</string>
		</dict>
		<key>04DD3C0D1D57A72C00DEBB32</key>
		<dict>
			<key>children</key>
			<array>
				<string>04DD3C181D57A72C00DEBB32</string>
				<string>04DD3C301D57A72C00DEBB32</string>
				<string>04DD3C3B1D57A72C00DEBB32</string>
				<string>04DD3C171D57A72C00DEBB32</string>
				<string>43E383711D5A1F2E0014DED2</string>
				<string>AE9329980DE57A7FEF9BE8AA</string>
				<string>17DAC0283DD1181CF77AF2FD</string>
			</array>
			<key>isa</key>
			<string>PBXGroup</string>
			<key>sourceTree</key>
			<string>&lt;group&gt;</string>
		</dict>
		<key>04DD3C0E1D57A72C00DEBB32</key>
		<dict>
			<key>attributes</key>
			<dict>
				<key>LastSwiftUpdateCheck</key>
				<string>0730</string>
				<key>LastUpgradeCheck</key>
				<string>0730</string>
				<key>ORGANIZATIONNAME</key>
				<string>rccg</string>
				<key>TargetAttributes</key>
				<dict>
					<key>04DD3C151D57A72C00DEBB32</key>
					<dict>
						<key>CreatedOnToolsVersion</key>
						<string>7.3</string>
						<key>DevelopmentTeam</key>
						<string>ND37B5VWDX</string>
					</dict>
					<key>04DD3C2C1D57A72C00DEBB32</key>
					<dict>
						<key>CreatedOnToolsVersion</key>
						<string>7.3</string>
						<key>DevelopmentTeam</key>
						<string>ND37B5VWDX</string>
						<key>TestTargetID</key>
						<string>04DD3C151D57A72C00DEBB32</string>
					</dict>
					<key>04DD3C371D57A72C00DEBB32</key>
					<dict>
						<key>CreatedOnToolsVersion</key>
						<string>7.3</string>
						<key>DevelopmentTeam</key>
						<string>ND37B5VWDX</string>
						<key>TestTargetID</key>
						<string>04DD3C151D57A72C00DEBB32</string>
					</dict>
				</dict>
			</dict>
			<key>buildConfigurationList</key>
			<string>04DD3C111D57A72C00DEBB32</string>
			<key>compatibilityVersion</key>
			<string>Xcode 3.2</string>
			<key>developmentRegion</key>
			<string>English</string>
			<key>hasScannedForEncodings</key>
			<string>0</string>
			<key>isa</key>
			<string>PBXProject</string>
			<key>knownRegions</key>
			<array>
				<string>en</string>
				<string>Base</string>
			</array>
			<key>mainGroup</key>
			<string>04DD3C0D1D57A72C00DEBB32</string>
			<key>productRefGroup</key>
			<string>04DD3C171D57A72C00DEBB32</string>
			<key>projectDirPath</key>
			<string></string>
			<key>projectReferences</key>
			<array/>
			<key>projectRoot</key>
			<string></string>
			<key>targets</key>
			<array>
				<string>04DD3C151D57A72C00DEBB32</string>
				<string>04DD3C2C1D57A72C00DEBB32</string>
				<string>04DD3C371D57A72C00DEBB32</string>
			</array>
		</dict>
		<key>04DD3C111D57A72C00DEBB32</key>
		<dict>
			<key>buildConfigurations</key>
			<array>
				<string>04DD3C3F1D57A72C00DEBB32</string>
				<string>04DD3C401D57A72C00DEBB32</string>
			</array>
			<key>defaultConfigurationIsVisible</key>
			<string>0</string>
			<key>defaultConfigurationName</key>
			<string>Release</string>
			<key>isa</key>
			<string>XCConfigurationList</string>
		</dict>
		<key>04DD3C121D57A72C00DEBB32</key>
		<dict>
			<key>buildActionMask</key>
			<string>2147483647</string>
			<key>files</key>
			<array>
				<string>042B423B1D6B6D86008CBFE0</string>
				<string>04DD3C221D57A72C00DEBB32</string>
				<string>43632A161D62154900AD3B75</string>
				<string>43632A181D62155200AD3B75</string>
				<string>43E383771D5A38EF0014DED2</string>
				<string>43632A071D5B786800AD3B75</string>
				<string>04DD3C4F1D591C8500DEBB32</string>
				<string>43632A1A1D63269A00AD3B75</string>
				<string>43632A051D5B62F700AD3B75</string>
				<string>43632A141D61F51100AD3B75</string>
				<string>04DD3C4B1D57A88E00DEBB32</string>
				<string>43632A121D61DB7700AD3B75</string>
				<string>43632A0E1D5CCBCC00AD3B75</string>
				<string>431CF3D81D67269A00898CD7</string>
				<string>04DD3C1A1D57A72C00DEBB32</string>
				<string>042B42341D6887BE008CBFE0</string>
				<string>042B42371D68BE0F008CBFE0</string>
				<string>04DD3C4D1D5909B700DEBB32</string>
				<string>04283A351D5D1DB90053D1D2</string>
				<string>042B42391D68D908008CBFE0</string>
				<string>43632A091D5B811600AD3B75</string>
				<string>431CF3DC1D6F493200898CD7</string>
				<string>431CF3DA1D6EF2F500898CD7</string>
			</array>
			<key>isa</key>
			<string>PBXSourcesBuildPhase</string>
			<key>runOnlyForDeploymentPostprocessing</key>
			<string>0</string>
		</dict>
		<key>04DD3C131D57A72C00DEBB32</key>
		<dict>
			<key>buildActionMask</key>
			<string>2147483647</string>
			<key>files</key>
			<array>
				<string>39734B47F855D5991D980EB8</string>
			</array>
			<key>isa</key>
			<string>PBXFrameworksBuildPhase</string>
			<key>runOnlyForDeploymentPostprocessing</key>
			<string>0</string>
		</dict>
		<key>04DD3C141D57A72C00DEBB32</key>
		<dict>
			<key>buildActionMask</key>
			<string>2147483647</string>
			<key>files</key>
			<array>
				<string>04DD3C271D57A72C00DEBB32</string>
				<string>04DD3C241D57A72C00DEBB32</string>
			</array>
			<key>isa</key>
			<string>PBXResourcesBuildPhase</string>
			<key>runOnlyForDeploymentPostprocessing</key>
			<string>0</string>
		</dict>
		<key>04DD3C151D57A72C00DEBB32</key>
		<dict>
			<key>buildConfigurationList</key>
			<string>04DD3C411D57A72C00DEBB32</string>
			<key>buildPhases</key>
			<array>
				<string>4DCAFA600FC7821D835E476A</string>
				<string>04DD3C121D57A72C00DEBB32</string>
				<string>04DD3C131D57A72C00DEBB32</string>
				<string>04DD3C141D57A72C00DEBB32</string>
				<string>BF467F1C80AD15B1100D7A75</string>
				<string>BE660D48D3DD2729BE3AD5B0</string>
				<string>997C65FD9749617D13902C7E</string>
			</array>
			<key>buildRules</key>
			<array/>
			<key>dependencies</key>
			<array/>
			<key>isa</key>
			<string>PBXNativeTarget</string>
			<key>name</key>
			<string>Transport4Church</string>
			<key>productName</key>
			<string>Transport4Church</string>
			<key>productReference</key>
			<string>04DD3C161D57A72C00DEBB32</string>
			<key>productType</key>
			<string>com.apple.product-type.application</string>
		</dict>
		<key>04DD3C161D57A72C00DEBB32</key>
		<dict>
			<key>explicitFileType</key>
			<string>wrapper.application</string>
			<key>includeInIndex</key>
			<string>0</string>
			<key>isa</key>
			<string>PBXFileReference</string>
			<key>path</key>
			<string>Transport4Church.app</string>
			<key>sourceTree</key>
			<string>BUILT_PRODUCTS_DIR</string>
		</dict>
		<key>04DD3C171D57A72C00DEBB32</key>
		<dict>
			<key>children</key>
			<array>
				<string>04DD3C161D57A72C00DEBB32</string>
				<string>04DD3C2D1D57A72C00DEBB32</string>
				<string>04DD3C381D57A72C00DEBB32</string>
			</array>
			<key>isa</key>
			<string>PBXGroup</string>
			<key>name</key>
			<string>Products</string>
			<key>sourceTree</key>
			<string>&lt;group&gt;</string>
		</dict>
		<key>04DD3C181D57A72C00DEBB32</key>
		<dict>
			<key>children</key>
			<array>
				<string>431CF3D61D67268300898CD7</string>
				<string>04DD3C191D57A72C00DEBB32</string>
				<string>042B42301D68876B008CBFE0</string>
				<string>04283A361D5D1E210053D1D2</string>
				<string>04283A391D5D1FC50053D1D2</string>
				<string>04283A381D5D1E8F0053D1D2</string>
				<string>04283A371D5D1E530053D1D2</string>
				<string>43632A0C1D5CCBB100AD3B75</string>
				<string>04DD3C231D57A72C00DEBB32</string>
				<string>04DD3C251D57A72C00DEBB32</string>
				<string>04DD3C281D57A72C00DEBB32</string>
				<string>04DD3C201D57A72C00DEBB32</string>
				<string>43E383761D5A38EF0014DED2</string>
			</array>
			<key>isa</key>
			<string>PBXGroup</string>
			<key>path</key>
			<string>Transport4Church</string>
			<key>sourceTree</key>
			<string>&lt;group&gt;</string>
		</dict>
		<key>04DD3C191D57A72C00DEBB32</key>
		<dict>
			<key>isa</key>
			<string>PBXFileReference</string>
			<key>lastKnownFileType</key>
			<string>sourcecode.swift</string>
			<key>path</key>
			<string>AppDelegate.swift</string>
			<key>sourceTree</key>
			<string>&lt;group&gt;</string>
		</dict>
		<key>04DD3C1A1D57A72C00DEBB32</key>
		<dict>
			<key>fileRef</key>
			<string>04DD3C191D57A72C00DEBB32</string>
			<key>isa</key>
			<string>PBXBuildFile</string>
		</dict>
		<key>04DD3C201D57A72C00DEBB32</key>
		<dict>
			<key>children</key>
			<array>
				<string>04DD3C211D57A72C00DEBB32</string>
			</array>
			<key>currentVersion</key>
			<string>04DD3C211D57A72C00DEBB32</string>
			<key>isa</key>
			<string>XCVersionGroup</string>
			<key>path</key>
			<string>Transport4Church.xcdatamodeld</string>
			<key>sourceTree</key>
			<string>&lt;group&gt;</string>
			<key>versionGroupType</key>
			<string>wrapper.xcdatamodel</string>
		</dict>
		<key>04DD3C211D57A72C00DEBB32</key>
		<dict>
			<key>isa</key>
			<string>PBXFileReference</string>
			<key>lastKnownFileType</key>
			<string>wrapper.xcdatamodel</string>
			<key>path</key>
			<string>Transport4Church.xcdatamodel</string>
			<key>sourceTree</key>
			<string>&lt;group&gt;</string>
		</dict>
		<key>04DD3C221D57A72C00DEBB32</key>
		<dict>
			<key>fileRef</key>
			<string>04DD3C201D57A72C00DEBB32</string>
			<key>isa</key>
			<string>PBXBuildFile</string>
		</dict>
		<key>04DD3C231D57A72C00DEBB32</key>
		<dict>
			<key>isa</key>
			<string>PBXFileReference</string>
			<key>lastKnownFileType</key>
			<string>folder.assetcatalog</string>
			<key>path</key>
			<string>Assets.xcassets</string>
			<key>sourceTree</key>
			<string>&lt;group&gt;</string>
		</dict>
		<key>04DD3C241D57A72C00DEBB32</key>
		<dict>
			<key>fileRef</key>
			<string>04DD3C231D57A72C00DEBB32</string>
			<key>isa</key>
			<string>PBXBuildFile</string>
		</dict>
		<key>04DD3C251D57A72C00DEBB32</key>
		<dict>
			<key>children</key>
			<array>
				<string>04DD3C261D57A72C00DEBB32</string>
			</array>
			<key>isa</key>
			<string>PBXVariantGroup</string>
			<key>name</key>
			<string>LaunchScreen.storyboard</string>
			<key>sourceTree</key>
			<string>&lt;group&gt;</string>
		</dict>
		<key>04DD3C261D57A72C00DEBB32</key>
		<dict>
			<key>isa</key>
			<string>PBXFileReference</string>
			<key>lastKnownFileType</key>
			<string>file.storyboard</string>
			<key>name</key>
			<string>Base</string>
			<key>path</key>
			<string>Base.lproj/LaunchScreen.storyboard</string>
			<key>sourceTree</key>
			<string>&lt;group&gt;</string>
		</dict>
		<key>04DD3C271D57A72C00DEBB32</key>
		<dict>
			<key>fileRef</key>
			<string>04DD3C251D57A72C00DEBB32</string>
			<key>isa</key>
			<string>PBXBuildFile</string>
		</dict>
		<key>04DD3C281D57A72C00DEBB32</key>
		<dict>
			<key>isa</key>
			<string>PBXFileReference</string>
			<key>lastKnownFileType</key>
			<string>text.plist.xml</string>
			<key>path</key>
			<string>Info.plist</string>
			<key>sourceTree</key>
			<string>&lt;group&gt;</string>
		</dict>
		<key>04DD3C291D57A72C00DEBB32</key>
		<dict>
			<key>buildActionMask</key>
			<string>2147483647</string>
			<key>files</key>
			<array>
				<string>04DD3C321D57A72C00DEBB32</string>
			</array>
			<key>isa</key>
			<string>PBXSourcesBuildPhase</string>
			<key>runOnlyForDeploymentPostprocessing</key>
			<string>0</string>
		</dict>
		<key>04DD3C2A1D57A72C00DEBB32</key>
		<dict>
			<key>buildActionMask</key>
			<string>2147483647</string>
			<key>files</key>
			<array>
				<string>59E6CC5AF3A827D98D24481B</string>
			</array>
			<key>isa</key>
			<string>PBXFrameworksBuildPhase</string>
			<key>runOnlyForDeploymentPostprocessing</key>
			<string>0</string>
		</dict>
		<key>04DD3C2B1D57A72C00DEBB32</key>
		<dict>
			<key>buildActionMask</key>
			<string>2147483647</string>
			<key>files</key>
			<array/>
			<key>isa</key>
			<string>PBXResourcesBuildPhase</string>
			<key>runOnlyForDeploymentPostprocessing</key>
			<string>0</string>
		</dict>
		<key>04DD3C2C1D57A72C00DEBB32</key>
		<dict>
			<key>buildConfigurationList</key>
			<string>04DD3C441D57A72C00DEBB32</string>
			<key>buildPhases</key>
			<array>
				<string>B4C3297F68854D5D52C462AC</string>
				<string>04DD3C291D57A72C00DEBB32</string>
				<string>04DD3C2A1D57A72C00DEBB32</string>
				<string>04DD3C2B1D57A72C00DEBB32</string>
				<string>E641A87BC505824D6A80F35B</string>
				<string>6D997063FE41C766F0C8B6A2</string>
			</array>
			<key>buildRules</key>
			<array/>
			<key>dependencies</key>
			<array>
				<string>04DD3C2F1D57A72C00DEBB32</string>
			</array>
			<key>isa</key>
			<string>PBXNativeTarget</string>
			<key>name</key>
			<string>Transport4ChurchTests</string>
			<key>productName</key>
			<string>Transport4ChurchTests</string>
			<key>productReference</key>
			<string>04DD3C2D1D57A72C00DEBB32</string>
			<key>productType</key>
			<string>com.apple.product-type.bundle.unit-test</string>
		</dict>
		<key>04DD3C2D1D57A72C00DEBB32</key>
		<dict>
			<key>explicitFileType</key>
			<string>wrapper.cfbundle</string>
			<key>includeInIndex</key>
			<string>0</string>
			<key>isa</key>
			<string>PBXFileReference</string>
			<key>path</key>
			<string>Transport4ChurchTests.xctest</string>
			<key>sourceTree</key>
			<string>BUILT_PRODUCTS_DIR</string>
		</dict>
		<key>04DD3C2E1D57A72C00DEBB32</key>
		<dict>
			<key>containerPortal</key>
			<string>04DD3C0E1D57A72C00DEBB32</string>
			<key>isa</key>
			<string>PBXContainerItemProxy</string>
			<key>proxyType</key>
			<string>1</string>
			<key>remoteGlobalIDString</key>
			<string>04DD3C151D57A72C00DEBB32</string>
			<key>remoteInfo</key>
			<string>Transport4Church</string>
		</dict>
		<key>04DD3C2F1D57A72C00DEBB32</key>
		<dict>
			<key>isa</key>
			<string>PBXTargetDependency</string>
			<key>target</key>
			<string>04DD3C151D57A72C00DEBB32</string>
			<key>targetProxy</key>
			<string>04DD3C2E1D57A72C00DEBB32</string>
		</dict>
		<key>04DD3C301D57A72C00DEBB32</key>
		<dict>
			<key>children</key>
			<array>
				<string>04DD3C311D57A72C00DEBB32</string>
				<string>04DD3C331D57A72C00DEBB32</string>
			</array>
			<key>isa</key>
			<string>PBXGroup</string>
			<key>path</key>
			<string>Transport4ChurchTests</string>
			<key>sourceTree</key>
			<string>&lt;group&gt;</string>
		</dict>
		<key>04DD3C311D57A72C00DEBB32</key>
		<dict>
			<key>isa</key>
			<string>PBXFileReference</string>
			<key>lastKnownFileType</key>
			<string>sourcecode.swift</string>
			<key>path</key>
			<string>Transport4ChurchTests.swift</string>
			<key>sourceTree</key>
			<string>&lt;group&gt;</string>
		</dict>
		<key>04DD3C321D57A72C00DEBB32</key>
		<dict>
			<key>fileRef</key>
			<string>04DD3C311D57A72C00DEBB32</string>
			<key>isa</key>
			<string>PBXBuildFile</string>
		</dict>
		<key>04DD3C331D57A72C00DEBB32</key>
		<dict>
			<key>isa</key>
			<string>PBXFileReference</string>
			<key>lastKnownFileType</key>
			<string>text.plist.xml</string>
			<key>path</key>
			<string>Info.plist</string>
			<key>sourceTree</key>
			<string>&lt;group&gt;</string>
		</dict>
		<key>04DD3C341D57A72C00DEBB32</key>
		<dict>
			<key>buildActionMask</key>
			<string>2147483647</string>
			<key>files</key>
			<array>
				<string>04DD3C3D1D57A72C00DEBB32</string>
			</array>
			<key>isa</key>
			<string>PBXSourcesBuildPhase</string>
			<key>runOnlyForDeploymentPostprocessing</key>
			<string>0</string>
		</dict>
		<key>04DD3C351D57A72C00DEBB32</key>
		<dict>
			<key>buildActionMask</key>
			<string>2147483647</string>
			<key>files</key>
			<array>
				<string>4F49629DF8931134CADCF722</string>
			</array>
			<key>isa</key>
			<string>PBXFrameworksBuildPhase</string>
			<key>runOnlyForDeploymentPostprocessing</key>
			<string>0</string>
		</dict>
		<key>04DD3C361D57A72C00DEBB32</key>
		<dict>
			<key>buildActionMask</key>
			<string>2147483647</string>
			<key>files</key>
			<array/>
			<key>isa</key>
			<string>PBXResourcesBuildPhase</string>
			<key>runOnlyForDeploymentPostprocessing</key>
			<string>0</string>
		</dict>
		<key>04DD3C371D57A72C00DEBB32</key>
		<dict>
			<key>buildConfigurationList</key>
			<string>04DD3C471D57A72C00DEBB32</string>
			<key>buildPhases</key>
			<array>
				<string>642448CD55C207305F7169C0</string>
				<string>04DD3C341D57A72C00DEBB32</string>
				<string>04DD3C351D57A72C00DEBB32</string>
				<string>04DD3C361D57A72C00DEBB32</string>
				<string>C1D289DA8DD6BD2453F3D955</string>
			</array>
			<key>buildRules</key>
			<array/>
			<key>dependencies</key>
			<array>
				<string>04DD3C3A1D57A72C00DEBB32</string>
			</array>
			<key>isa</key>
			<string>PBXNativeTarget</string>
			<key>name</key>
			<string>Transport4ChurchUITests</string>
			<key>productName</key>
			<string>Transport4ChurchUITests</string>
			<key>productReference</key>
			<string>04DD3C381D57A72C00DEBB32</string>
			<key>productType</key>
			<string>com.apple.product-type.bundle.ui-testing</string>
		</dict>
		<key>04DD3C381D57A72C00DEBB32</key>
		<dict>
			<key>explicitFileType</key>
			<string>wrapper.cfbundle</string>
			<key>includeInIndex</key>
			<string>0</string>
			<key>isa</key>
			<string>PBXFileReference</string>
			<key>path</key>
			<string>Transport4ChurchUITests.xctest</string>
			<key>sourceTree</key>
			<string>BUILT_PRODUCTS_DIR</string>
		</dict>
		<key>04DD3C391D57A72C00DEBB32</key>
		<dict>
			<key>containerPortal</key>
			<string>04DD3C0E1D57A72C00DEBB32</string>
			<key>isa</key>
			<string>PBXContainerItemProxy</string>
			<key>proxyType</key>
			<string>1</string>
			<key>remoteGlobalIDString</key>
			<string>04DD3C151D57A72C00DEBB32</string>
			<key>remoteInfo</key>
			<string>Transport4Church</string>
		</dict>
		<key>04DD3C3A1D57A72C00DEBB32</key>
		<dict>
			<key>isa</key>
			<string>PBXTargetDependency</string>
			<key>target</key>
			<string>04DD3C151D57A72C00DEBB32</string>
			<key>targetProxy</key>
			<string>04DD3C391D57A72C00DEBB32</string>
		</dict>
		<key>04DD3C3B1D57A72C00DEBB32</key>
		<dict>
			<key>children</key>
			<array>
				<string>04DD3C3C1D57A72C00DEBB32</string>
				<string>04DD3C3E1D57A72C00DEBB32</string>
			</array>
			<key>isa</key>
			<string>PBXGroup</string>
			<key>path</key>
			<string>Transport4ChurchUITests</string>
			<key>sourceTree</key>
			<string>&lt;group&gt;</string>
		</dict>
		<key>04DD3C3C1D57A72C00DEBB32</key>
		<dict>
			<key>isa</key>
			<string>PBXFileReference</string>
			<key>lastKnownFileType</key>
			<string>sourcecode.swift</string>
			<key>path</key>
			<string>Transport4ChurchUITests.swift</string>
			<key>sourceTree</key>
			<string>&lt;group&gt;</string>
		</dict>
		<key>04DD3C3D1D57A72C00DEBB32</key>
		<dict>
			<key>fileRef</key>
			<string>04DD3C3C1D57A72C00DEBB32</string>
			<key>isa</key>
			<string>PBXBuildFile</string>
		</dict>
		<key>04DD3C3E1D57A72C00DEBB32</key>
		<dict>
			<key>isa</key>
			<string>PBXFileReference</string>
			<key>lastKnownFileType</key>
			<string>text.plist.xml</string>
			<key>path</key>
			<string>Info.plist</string>
			<key>sourceTree</key>
			<string>&lt;group&gt;</string>
		</dict>
		<key>04DD3C3F1D57A72C00DEBB32</key>
		<dict>
			<key>buildSettings</key>
			<dict>
				<key>ALWAYS_SEARCH_USER_PATHS</key>
				<string>NO</string>
				<key>CLANG_ANALYZER_NONNULL</key>
				<string>YES</string>
				<key>CLANG_CXX_LANGUAGE_STANDARD</key>
				<string>gnu++0x</string>
				<key>CLANG_CXX_LIBRARY</key>
				<string>libc++</string>
				<key>CLANG_ENABLE_MODULES</key>
				<string>YES</string>
				<key>CLANG_ENABLE_OBJC_ARC</key>
				<string>YES</string>
				<key>CLANG_WARN_BOOL_CONVERSION</key>
				<string>YES</string>
				<key>CLANG_WARN_CONSTANT_CONVERSION</key>
				<string>YES</string>
				<key>CLANG_WARN_DIRECT_OBJC_ISA_USAGE</key>
				<string>YES_ERROR</string>
				<key>CLANG_WARN_EMPTY_BODY</key>
				<string>YES</string>
				<key>CLANG_WARN_ENUM_CONVERSION</key>
				<string>YES</string>
				<key>CLANG_WARN_INT_CONVERSION</key>
				<string>YES</string>
				<key>CLANG_WARN_OBJC_ROOT_CLASS</key>
				<string>YES_ERROR</string>
				<key>CLANG_WARN_UNREACHABLE_CODE</key>
				<string>YES</string>
				<key>CLANG_WARN__DUPLICATE_METHOD_MATCH</key>
				<string>YES</string>
				<key>CODE_SIGN_IDENTITY[sdk=iphoneos*]</key>
				<string>iPhone Developer</string>
				<key>COPY_PHASE_STRIP</key>
				<string>NO</string>
				<key>DEBUG_INFORMATION_FORMAT</key>
				<string>dwarf</string>
				<key>ENABLE_STRICT_OBJC_MSGSEND</key>
				<string>YES</string>
				<key>ENABLE_TESTABILITY</key>
				<string>YES</string>
				<key>GCC_C_LANGUAGE_STANDARD</key>
				<string>gnu99</string>
				<key>GCC_DYNAMIC_NO_PIC</key>
				<string>NO</string>
				<key>GCC_NO_COMMON_BLOCKS</key>
				<string>YES</string>
				<key>GCC_OPTIMIZATION_LEVEL</key>
				<string>0</string>
				<key>GCC_PREPROCESSOR_DEFINITIONS</key>
				<array>
					<string>DEBUG=1</string>
					<string>$(inherited)</string>
				</array>
				<key>GCC_WARN_64_TO_32_BIT_CONVERSION</key>
				<string>YES</string>
				<key>GCC_WARN_ABOUT_RETURN_TYPE</key>
				<string>YES_ERROR</string>
				<key>GCC_WARN_UNDECLARED_SELECTOR</key>
				<string>YES</string>
				<key>GCC_WARN_UNINITIALIZED_AUTOS</key>
				<string>YES_AGGRESSIVE</string>
				<key>GCC_WARN_UNUSED_FUNCTION</key>
				<string>YES</string>
				<key>GCC_WARN_UNUSED_VARIABLE</key>
				<string>YES</string>
				<key>IPHONEOS_DEPLOYMENT_TARGET</key>
				<string>9.3</string>
				<key>MTL_ENABLE_DEBUG_INFO</key>
				<string>YES</string>
				<key>ONLY_ACTIVE_ARCH</key>
				<string>YES</string>
				<key>SDKROOT</key>
				<string>iphoneos</string>
				<key>SWIFT_OPTIMIZATION_LEVEL</key>
				<string>-Onone</string>
			</dict>
			<key>isa</key>
			<string>XCBuildConfiguration</string>
			<key>name</key>
			<string>Debug</string>
		</dict>
		<key>04DD3C401D57A72C00DEBB32</key>
		<dict>
			<key>buildSettings</key>
			<dict>
				<key>ALWAYS_SEARCH_USER_PATHS</key>
				<string>NO</string>
				<key>CLANG_ANALYZER_NONNULL</key>
				<string>YES</string>
				<key>CLANG_CXX_LANGUAGE_STANDARD</key>
				<string>gnu++0x</string>
				<key>CLANG_CXX_LIBRARY</key>
				<string>libc++</string>
				<key>CLANG_ENABLE_MODULES</key>
				<string>YES</string>
				<key>CLANG_ENABLE_OBJC_ARC</key>
				<string>YES</string>
				<key>CLANG_WARN_BOOL_CONVERSION</key>
				<string>YES</string>
				<key>CLANG_WARN_CONSTANT_CONVERSION</key>
				<string>YES</string>
				<key>CLANG_WARN_DIRECT_OBJC_ISA_USAGE</key>
				<string>YES_ERROR</string>
				<key>CLANG_WARN_EMPTY_BODY</key>
				<string>YES</string>
				<key>CLANG_WARN_ENUM_CONVERSION</key>
				<string>YES</string>
				<key>CLANG_WARN_INT_CONVERSION</key>
				<string>YES</string>
				<key>CLANG_WARN_OBJC_ROOT_CLASS</key>
				<string>YES_ERROR</string>
				<key>CLANG_WARN_UNREACHABLE_CODE</key>
				<string>YES</string>
				<key>CLANG_WARN__DUPLICATE_METHOD_MATCH</key>
				<string>YES</string>
				<key>CODE_SIGN_IDENTITY[sdk=iphoneos*]</key>
				<string>iPhone Developer</string>
				<key>COPY_PHASE_STRIP</key>
				<string>NO</string>
				<key>DEBUG_INFORMATION_FORMAT</key>
				<string>dwarf-with-dsym</string>
				<key>ENABLE_NS_ASSERTIONS</key>
				<string>NO</string>
				<key>ENABLE_STRICT_OBJC_MSGSEND</key>
				<string>YES</string>
				<key>GCC_C_LANGUAGE_STANDARD</key>
				<string>gnu99</string>
				<key>GCC_NO_COMMON_BLOCKS</key>
				<string>YES</string>
				<key>GCC_WARN_64_TO_32_BIT_CONVERSION</key>
				<string>YES</string>
				<key>GCC_WARN_ABOUT_RETURN_TYPE</key>
				<string>YES_ERROR</string>
				<key>GCC_WARN_UNDECLARED_SELECTOR</key>
				<string>YES</string>
				<key>GCC_WARN_UNINITIALIZED_AUTOS</key>
				<string>YES_AGGRESSIVE</string>
				<key>GCC_WARN_UNUSED_FUNCTION</key>
				<string>YES</string>
				<key>GCC_WARN_UNUSED_VARIABLE</key>
				<string>YES</string>
				<key>IPHONEOS_DEPLOYMENT_TARGET</key>
				<string>9.3</string>
				<key>MTL_ENABLE_DEBUG_INFO</key>
				<string>NO</string>
				<key>SDKROOT</key>
				<string>iphoneos</string>
				<key>VALIDATE_PRODUCT</key>
				<string>YES</string>
			</dict>
			<key>isa</key>
			<string>XCBuildConfiguration</string>
			<key>name</key>
			<string>Release</string>
		</dict>
		<key>04DD3C411D57A72C00DEBB32</key>
		<dict>
			<key>buildConfigurations</key>
			<array>
				<string>04DD3C421D57A72C00DEBB32</string>
				<string>04DD3C431D57A72C00DEBB32</string>
			</array>
			<key>defaultConfigurationIsVisible</key>
			<string>0</string>
			<key>defaultConfigurationName</key>
			<string>Release</string>
			<key>isa</key>
			<string>XCConfigurationList</string>
		</dict>
		<key>04DD3C421D57A72C00DEBB32</key>
		<dict>
			<key>baseConfigurationReference</key>
			<string>1E3A4D8FC5519975B3702AF5</string>
			<key>buildSettings</key>
			<dict>
				<key>ASSETCATALOG_COMPILER_APPICON_NAME</key>
				<string>AppIcon</string>
				<key>CLANG_ENABLE_MODULES</key>
				<string>YES</string>
				<key>CODE_SIGN_IDENTITY</key>
				<string>iPhone Developer</string>
				<key>INFOPLIST_FILE</key>
				<string>Transport4Church/Info.plist</string>
				<key>LD_RUNPATH_SEARCH_PATHS</key>
				<string>$(inherited) @executable_path/Frameworks</string>
				<key>OTHER_LDFLAGS</key>
				<array>
					<string>-ObjC</string>
					<string>$(inherited)</string>
				</array>
				<key>PRODUCT_BUNDLE_IDENTIFIER</key>
				<string>org.rccg.Transport4Church</string>
				<key>PRODUCT_NAME</key>
				<string>$(TARGET_NAME)</string>
				<key>SWIFT_OBJC_BRIDGING_HEADER</key>
				<string>Transport4Church-Bridging-Header.h</string>
				<key>SWIFT_OPTIMIZATION_LEVEL</key>
				<string>-Onone</string>
			</dict>
			<key>isa</key>
			<string>XCBuildConfiguration</string>
			<key>name</key>
			<string>Debug</string>
		</dict>
		<key>04DD3C431D57A72C00DEBB32</key>
		<dict>
			<key>baseConfigurationReference</key>
			<string>860BB8DC7ACFFA8A5F821177</string>
			<key>buildSettings</key>
			<dict>
				<key>ASSETCATALOG_COMPILER_APPICON_NAME</key>
				<string>AppIcon</string>
				<key>CLANG_ENABLE_MODULES</key>
				<string>YES</string>
				<key>CODE_SIGN_IDENTITY</key>
				<string>iPhone Developer</string>
				<key>INFOPLIST_FILE</key>
				<string>Transport4Church/Info.plist</string>
				<key>LD_RUNPATH_SEARCH_PATHS</key>
				<string>$(inherited) @executable_path/Frameworks</string>
				<key>OTHER_LDFLAGS</key>
				<array>
					<string>-ObjC</string>
					<string>$(inherited)</string>
				</array>
				<key>PRODUCT_BUNDLE_IDENTIFIER</key>
				<string>org.rccg.Transport4Church</string>
				<key>PRODUCT_NAME</key>
				<string>$(TARGET_NAME)</string>
				<key>SWIFT_OBJC_BRIDGING_HEADER</key>
				<string>Transport4Church-Bridging-Header.h</string>
			</dict>
			<key>isa</key>
			<string>XCBuildConfiguration</string>
			<key>name</key>
			<string>Release</string>
		</dict>
		<key>04DD3C441D57A72C00DEBB32</key>
		<dict>
			<key>buildConfigurations</key>
			<array>
				<string>04DD3C451D57A72C00DEBB32</string>
				<string>04DD3C461D57A72C00DEBB32</string>
			</array>
			<key>defaultConfigurationIsVisible</key>
			<string>0</string>
			<key>defaultConfigurationName</key>
			<string>Release</string>
			<key>isa</key>
			<string>XCConfigurationList</string>
		</dict>
		<key>04DD3C451D57A72C00DEBB32</key>
		<dict>
			<key>baseConfigurationReference</key>
			<string>0FDA6FFF19D53FAD4F0BB6B8</string>
			<key>buildSettings</key>
			<dict>
				<key>BUNDLE_LOADER</key>
				<string>$(TEST_HOST)</string>
				<key>INFOPLIST_FILE</key>
				<string>Transport4ChurchTests/Info.plist</string>
				<key>LD_RUNPATH_SEARCH_PATHS</key>
				<string>$(inherited) @executable_path/Frameworks @loader_path/Frameworks</string>
				<key>PRODUCT_BUNDLE_IDENTIFIER</key>
				<string>org.rccg.Transport4ChurchTests</string>
				<key>PRODUCT_NAME</key>
				<string>$(TARGET_NAME)</string>
				<key>TEST_HOST</key>
				<string>$(BUILT_PRODUCTS_DIR)/Transport4Church.app/Transport4Church</string>
			</dict>
			<key>isa</key>
			<string>XCBuildConfiguration</string>
			<key>name</key>
			<string>Debug</string>
		</dict>
		<key>04DD3C461D57A72C00DEBB32</key>
		<dict>
			<key>baseConfigurationReference</key>
			<string>3A9A3511D2F7458141EEDB47</string>
			<key>buildSettings</key>
			<dict>
				<key>BUNDLE_LOADER</key>
				<string>$(TEST_HOST)</string>
				<key>INFOPLIST_FILE</key>
				<string>Transport4ChurchTests/Info.plist</string>
				<key>LD_RUNPATH_SEARCH_PATHS</key>
				<string>$(inherited) @executable_path/Frameworks @loader_path/Frameworks</string>
				<key>PRODUCT_BUNDLE_IDENTIFIER</key>
				<string>org.rccg.Transport4ChurchTests</string>
				<key>PRODUCT_NAME</key>
				<string>$(TARGET_NAME)</string>
				<key>TEST_HOST</key>
				<string>$(BUILT_PRODUCTS_DIR)/Transport4Church.app/Transport4Church</string>
			</dict>
			<key>isa</key>
			<string>XCBuildConfiguration</string>
			<key>name</key>
			<string>Release</string>
		</dict>
		<key>04DD3C471D57A72C00DEBB32</key>
		<dict>
			<key>buildConfigurations</key>
			<array>
				<string>04DD3C481D57A72C00DEBB32</string>
				<string>04DD3C491D57A72C00DEBB32</string>
			</array>
			<key>defaultConfigurationIsVisible</key>
			<string>0</string>
			<key>defaultConfigurationName</key>
			<string>Release</string>
			<key>isa</key>
			<string>XCConfigurationList</string>
		</dict>
		<key>04DD3C481D57A72C00DEBB32</key>
		<dict>
			<key>baseConfigurationReference</key>
			<string>46A97FF25810D397CD614581</string>
			<key>buildSettings</key>
			<dict>
				<key>INFOPLIST_FILE</key>
				<string>Transport4ChurchUITests/Info.plist</string>
				<key>LD_RUNPATH_SEARCH_PATHS</key>
				<string>$(inherited) @executable_path/Frameworks @loader_path/Frameworks</string>
				<key>PRODUCT_BUNDLE_IDENTIFIER</key>
				<string>org.rccg.Transport4ChurchUITests</string>
				<key>PRODUCT_NAME</key>
				<string>$(TARGET_NAME)</string>
				<key>TEST_TARGET_NAME</key>
				<string>Transport4Church</string>
			</dict>
			<key>isa</key>
			<string>XCBuildConfiguration</string>
			<key>name</key>
			<string>Debug</string>
		</dict>
		<key>04DD3C491D57A72C00DEBB32</key>
		<dict>
			<key>baseConfigurationReference</key>
			<string>43674C7AFD10E409ECBAA189</string>
			<key>buildSettings</key>
			<dict>
				<key>INFOPLIST_FILE</key>
				<string>Transport4ChurchUITests/Info.plist</string>
				<key>LD_RUNPATH_SEARCH_PATHS</key>
				<string>$(inherited) @executable_path/Frameworks @loader_path/Frameworks</string>
				<key>PRODUCT_BUNDLE_IDENTIFIER</key>
				<string>org.rccg.Transport4ChurchUITests</string>
				<key>PRODUCT_NAME</key>
				<string>$(TARGET_NAME)</string>
				<key>TEST_TARGET_NAME</key>
				<string>Transport4Church</string>
			</dict>
			<key>isa</key>
			<string>XCBuildConfiguration</string>
			<key>name</key>
			<string>Release</string>
		</dict>
		<key>04DD3C4A1D57A88E00DEBB32</key>
		<dict>
			<key>fileEncoding</key>
			<string>4</string>
			<key>isa</key>
			<string>PBXFileReference</string>
			<key>lastKnownFileType</key>
			<string>sourcecode.swift</string>
			<key>path</key>
			<string>UIViewExtension.swift</string>
			<key>sourceTree</key>
			<string>&lt;group&gt;</string>
		</dict>
		<key>04DD3C4B1D57A88E00DEBB32</key>
		<dict>
			<key>fileRef</key>
			<string>04DD3C4A1D57A88E00DEBB32</string>
			<key>isa</key>
			<string>PBXBuildFile</string>
		</dict>
		<key>04DD3C4C1D5909B700DEBB32</key>
		<dict>
			<key>fileEncoding</key>
			<string>4</string>
			<key>isa</key>
			<string>PBXFileReference</string>
			<key>lastKnownFileType</key>
			<string>sourcecode.swift</string>
			<key>path</key>
			<string>RegisterFormViewController.swift</string>
			<key>sourceTree</key>
			<string>&lt;group&gt;</string>
		</dict>
		<key>04DD3C4D1D5909B700DEBB32</key>
		<dict>
			<key>fileRef</key>
			<string>04DD3C4C1D5909B700DEBB32</string>
			<key>isa</key>
			<string>PBXBuildFile</string>
		</dict>
		<key>04DD3C4E1D591C8500DEBB32</key>
		<dict>
			<key>fileEncoding</key>
			<string>4</string>
			<key>isa</key>
			<string>PBXFileReference</string>
			<key>lastKnownFileType</key>
			<string>sourcecode.swift</string>
			<key>path</key>
			<string>RiderPickupController.swift</string>
			<key>sourceTree</key>
			<string>&lt;group&gt;</string>
		</dict>
		<key>04DD3C4F1D591C8500DEBB32</key>
		<dict>
			<key>fileRef</key>
			<string>04DD3C4E1D591C8500DEBB32</string>
			<key>isa</key>
			<string>PBXBuildFile</string>
		</dict>
		<key>0FDA6FFF19D53FAD4F0BB6B8</key>
		<dict>
			<key>includeInIndex</key>
			<string>1</string>
			<key>isa</key>
			<string>PBXFileReference</string>
			<key>lastKnownFileType</key>
			<string>text.xcconfig</string>
			<key>name</key>
			<string>Pods-Transport4ChurchTests.debug.xcconfig</string>
			<key>path</key>
			<string>Pods/Target Support Files/Pods-Transport4ChurchTests/Pods-Transport4ChurchTests.debug.xcconfig</string>
			<key>sourceTree</key>
			<string>&lt;group&gt;</string>
		</dict>
		<key>17DAC0283DD1181CF77AF2FD</key>
		<dict>
			<key>children</key>
			<array>
				<string>43A72E641D75BB54002F3B65</string>
				<string>AD3389B6AE8E9ED396B265AB</string>
				<string>CD7BBFEB66CA5FE6FEB05CA2</string>
				<string>CF716B2146A8851D163AD3D9</string>
			</array>
			<key>isa</key>
			<string>PBXGroup</string>
			<key>name</key>
			<string>Frameworks</string>
			<key>sourceTree</key>
			<string>&lt;group&gt;</string>
		</dict>
		<key>1E3A4D8FC5519975B3702AF5</key>
		<dict>
			<key>includeInIndex</key>
			<string>1</string>
			<key>isa</key>
			<string>PBXFileReference</string>
			<key>lastKnownFileType</key>
			<string>text.xcconfig</string>
			<key>name</key>
			<string>Pods-Transport4Church.debug.xcconfig</string>
			<key>path</key>
			<string>Pods/Target Support Files/Pods-Transport4Church/Pods-Transport4Church.debug.xcconfig</string>
			<key>sourceTree</key>
			<string>&lt;group&gt;</string>
		</dict>
		<key>39734B47F855D5991D980EB8</key>
		<dict>
			<key>fileRef</key>
			<string>AD3389B6AE8E9ED396B265AB</string>
			<key>isa</key>
			<string>PBXBuildFile</string>
		</dict>
		<key>3A9A3511D2F7458141EEDB47</key>
		<dict>
			<key>includeInIndex</key>
			<string>1</string>
			<key>isa</key>
			<string>PBXFileReference</string>
			<key>lastKnownFileType</key>
			<string>text.xcconfig</string>
			<key>name</key>
			<string>Pods-Transport4ChurchTests.release.xcconfig</string>
			<key>path</key>
			<string>Pods/Target Support Files/Pods-Transport4ChurchTests/Pods-Transport4ChurchTests.release.xcconfig</string>
			<key>sourceTree</key>
			<string>&lt;group&gt;</string>
		</dict>
		<key>431CF3D61D67268300898CD7</key>
		<dict>
			<key>children</key>
			<array>
				<string>431CF3D71D67269A00898CD7</string>
				<string>431CF3D91D6EF2F500898CD7</string>
				<string>431CF3DB1D6F493200898CD7</string>
			</array>
			<key>isa</key>
			<string>PBXGroup</string>
			<key>name</key>
			<string>Menu</string>
			<key>sourceTree</key>
			<string>&lt;group&gt;</string>
		</dict>
		<key>431CF3D71D67269A00898CD7</key>
		<dict>
			<key>fileEncoding</key>
			<string>4</string>
			<key>isa</key>
			<string>PBXFileReference</string>
			<key>lastKnownFileType</key>
			<string>sourcecode.swift</string>
			<key>path</key>
			<string>MenuViewController.swift</string>
			<key>sourceTree</key>
			<string>&lt;group&gt;</string>
		</dict>
		<key>431CF3D81D67269A00898CD7</key>
		<dict>
			<key>fileRef</key>
			<string>431CF3D71D67269A00898CD7</string>
			<key>isa</key>
			<string>PBXBuildFile</string>
		</dict>
		<key>431CF3D91D6EF2F500898CD7</key>
		<dict>
			<key>fileEncoding</key>
			<string>4</string>
			<key>isa</key>
			<string>PBXFileReference</string>
			<key>lastKnownFileType</key>
			<string>sourcecode.swift</string>
			<key>path</key>
			<string>MenuItem.swift</string>
			<key>sourceTree</key>
			<string>&lt;group&gt;</string>
		</dict>
		<key>431CF3DA1D6EF2F500898CD7</key>
		<dict>
			<key>fileRef</key>
			<string>431CF3D91D6EF2F500898CD7</string>
			<key>isa</key>
			<string>PBXBuildFile</string>
		</dict>
		<key>431CF3DB1D6F493200898CD7</key>
		<dict>
			<key>fileEncoding</key>
			<string>4</string>
			<key>isa</key>
			<string>PBXFileReference</string>
			<key>lastKnownFileType</key>
			<string>sourcecode.swift</string>
			<key>path</key>
			<string>MenuActions.swift</string>
			<key>sourceTree</key>
			<string>&lt;group&gt;</string>
		</dict>
		<key>431CF3DC1D6F493200898CD7</key>
		<dict>
			<key>fileRef</key>
			<string>431CF3DB1D6F493200898CD7</string>
			<key>isa</key>
			<string>PBXBuildFile</string>
		</dict>
		<key>43632A041D5B62F700AD3B75</key>
		<dict>
			<key>fileEncoding</key>
			<string>4</string>
			<key>isa</key>
			<string>PBXFileReference</string>
			<key>lastKnownFileType</key>
			<string>sourcecode.swift</string>
			<key>path</key>
			<string>ConfirmPickupFormController.swift</string>
			<key>sourceTree</key>
			<string>&lt;group&gt;</string>
		</dict>
		<key>43632A051D5B62F700AD3B75</key>
		<dict>
			<key>fileRef</key>
			<string>43632A041D5B62F700AD3B75</string>
			<key>isa</key>
			<string>PBXBuildFile</string>
		</dict>
		<key>43632A061D5B786800AD3B75</key>
		<dict>
			<key>fileEncoding</key>
			<string>4</string>
			<key>isa</key>
			<string>PBXFileReference</string>
			<key>lastKnownFileType</key>
			<string>sourcecode.swift</string>
			<key>path</key>
			<string>Trip.swift</string>
			<key>sourceTree</key>
			<string>&lt;group&gt;</string>
		</dict>
		<key>43632A071D5B786800AD3B75</key>
		<dict>
			<key>fileRef</key>
			<string>43632A061D5B786800AD3B75</string>
			<key>isa</key>
			<string>PBXBuildFile</string>
		</dict>
		<key>43632A081D5B811600AD3B75</key>
		<dict>
			<key>fileEncoding</key>
			<string>4</string>
			<key>isa</key>
			<string>PBXFileReference</string>
			<key>lastKnownFileType</key>
			<string>sourcecode.swift</string>
			<key>path</key>
			<string>FormButton.swift</string>
			<key>sourceTree</key>
			<string>&lt;group&gt;</string>
		</dict>
		<key>43632A091D5B811600AD3B75</key>
		<dict>
			<key>fileRef</key>
			<string>43632A081D5B811600AD3B75</string>
			<key>isa</key>
			<string>PBXBuildFile</string>
		</dict>
		<key>43632A0C1D5CCBB100AD3B75</key>
		<dict>
			<key>children</key>
			<array>
				<string>43632A061D5B786800AD3B75</string>
				<string>43632A0D1D5CCBCC00AD3B75</string>
				<string>43632A131D61F51100AD3B75</string>
				<string>43632A151D62154900AD3B75</string>
				<string>43632A171D62155200AD3B75</string>
			</array>
			<key>isa</key>
			<string>PBXGroup</string>
			<key>name</key>
			<string>Models</string>
			<key>sourceTree</key>
			<string>&lt;group&gt;</string>
		</dict>
		<key>43632A0D1D5CCBCC00AD3B75</key>
		<dict>
			<key>fileEncoding</key>
			<string>4</string>
			<key>isa</key>
			<string>PBXFileReference</string>
			<key>lastKnownFileType</key>
			<string>sourcecode.swift</string>
			<key>path</key>
			<string>User.swift</string>
			<key>sourceTree</key>
			<string>&lt;group&gt;</string>
		</dict>
		<key>43632A0E1D5CCBCC00AD3B75</key>
		<dict>
			<key>fileRef</key>
			<string>43632A0D1D5CCBCC00AD3B75</string>
			<key>isa</key>
			<string>PBXBuildFile</string>
		</dict>
		<key>43632A111D61DB7700AD3B75</key>
		<dict>
			<key>fileEncoding</key>
			<string>4</string>
			<key>isa</key>
			<string>PBXFileReference</string>
			<key>lastKnownFileType</key>
			<string>sourcecode.swift</string>
			<key>path</key>
			<string>RiderPickupDelegates.swift</string>
			<key>sourceTree</key>
			<string>&lt;group&gt;</string>
		</dict>
		<key>43632A121D61DB7700AD3B75</key>
		<dict>
			<key>fileRef</key>
			<string>43632A111D61DB7700AD3B75</string>
			<key>isa</key>
			<string>PBXBuildFile</string>
		</dict>
		<key>43632A131D61F51100AD3B75</key>
		<dict>
			<key>fileEncoding</key>
			<string>4</string>
			<key>isa</key>
			<string>PBXFileReference</string>
			<key>lastKnownFileType</key>
			<string>sourcecode.swift</string>
			<key>path</key>
			<string>Address.swift</string>
			<key>sourceTree</key>
			<string>&lt;group&gt;</string>
		</dict>
		<key>43632A141D61F51100AD3B75</key>
		<dict>
			<key>fileRef</key>
			<string>43632A131D61F51100AD3B75</string>
			<key>isa</key>
			<string>PBXBuildFile</string>
		</dict>
		<key>43632A151D62154900AD3B75</key>
		<dict>
			<key>fileEncoding</key>
			<string>4</string>
			<key>isa</key>
			<string>PBXFileReference</string>
			<key>lastKnownFileType</key>
			<string>sourcecode.swift</string>
			<key>path</key>
			<string>Rider.swift</string>
			<key>sourceTree</key>
			<string>&lt;group&gt;</string>
		</dict>
		<key>43632A161D62154900AD3B75</key>
		<dict>
			<key>fileRef</key>
			<string>43632A151D62154900AD3B75</string>
			<key>isa</key>
			<string>PBXBuildFile</string>
		</dict>
		<key>43632A171D62155200AD3B75</key>
		<dict>
			<key>fileEncoding</key>
			<string>4</string>
			<key>isa</key>
			<string>PBXFileReference</string>
			<key>lastKnownFileType</key>
			<string>sourcecode.swift</string>
			<key>path</key>
			<string>Driver.swift</string>
			<key>sourceTree</key>
			<string>&lt;group&gt;</string>
		</dict>
		<key>43632A181D62155200AD3B75</key>
		<dict>
			<key>fileRef</key>
			<string>43632A171D62155200AD3B75</string>
			<key>isa</key>
			<string>PBXBuildFile</string>
		</dict>
		<key>43632A191D63269A00AD3B75</key>
		<dict>
			<key>fileEncoding</key>
			<string>4</string>
			<key>isa</key>
			<string>PBXFileReference</string>
			<key>lastKnownFileType</key>
			<string>sourcecode.swift</string>
			<key>path</key>
			<string>LocationHelper.swift</string>
			<key>sourceTree</key>
			<string>&lt;group&gt;</string>
		</dict>
		<key>43632A1A1D63269A00AD3B75</key>
		<dict>
			<key>fileRef</key>
			<string>43632A191D63269A00AD3B75</string>
			<key>isa</key>
			<string>PBXBuildFile</string>
		</dict>
		<key>43674C7AFD10E409ECBAA189</key>
		<dict>
			<key>includeInIndex</key>
			<string>1</string>
			<key>isa</key>
			<string>PBXFileReference</string>
			<key>lastKnownFileType</key>
			<string>text.xcconfig</string>
			<key>name</key>
			<string>Pods-Transport4ChurchUITests.release.xcconfig</string>
			<key>path</key>
			<string>Pods/Target Support Files/Pods-Transport4ChurchUITests/Pods-Transport4ChurchUITests.release.xcconfig</string>
			<key>sourceTree</key>
			<string>&lt;group&gt;</string>
		</dict>
		<key>43A72E641D75BB54002F3B65</key>
		<dict>
			<key>isa</key>
			<string>PBXFileReference</string>
			<key>lastKnownFileType</key>
			<string>wrapper.framework</string>
			<key>name</key>
			<string>Parse.framework</string>
			<key>path</key>
			<string>../../../Library/Developer/Xcode/DerivedData/Transport4Church-gccuimlyhmdulufbuospzakbdhuy/Build/Products/Debug-iphoneos/Parse/Parse.framework</string>
			<key>sourceTree</key>
			<string>&lt;group&gt;</string>
		</dict>
		<key>43E383711D5A1F2E0014DED2</key>
		<dict>
			<key>isa</key>
			<string>PBXFileReference</string>
			<key>lastKnownFileType</key>
			<string>sourcecode.c.h</string>
			<key>path</key>
			<string>Transport4Church-Bridging-Header.h</string>
			<key>sourceTree</key>
			<string>&lt;group&gt;</string>
		</dict>
		<key>43E383761D5A38EF0014DED2</key>
		<dict>
			<key>fileEncoding</key>
			<string>4</string>
			<key>isa</key>
			<string>PBXFileReference</string>
			<key>lastKnownFileType</key>
			<string>sourcecode.swift</string>
			<key>path</key>
			<string>LocationResultsController.swift</string>
			<key>sourceTree</key>
			<string>&lt;group&gt;</string>
		</dict>
		<key>43E383771D5A38EF0014DED2</key>
		<dict>
			<key>fileRef</key>
			<string>43E383761D5A38EF0014DED2</string>
			<key>isa</key>
			<string>PBXBuildFile</string>
		</dict>
		<key>46A97FF25810D397CD614581</key>
		<dict>
			<key>includeInIndex</key>
			<string>1</string>
			<key>isa</key>
			<string>PBXFileReference</string>
			<key>lastKnownFileType</key>
			<string>text.xcconfig</string>
			<key>name</key>
			<string>Pods-Transport4ChurchUITests.debug.xcconfig</string>
			<key>path</key>
			<string>Pods/Target Support Files/Pods-Transport4ChurchUITests/Pods-Transport4ChurchUITests.debug.xcconfig</string>
			<key>sourceTree</key>
			<string>&lt;group&gt;</string>
		</dict>
		<key>4DCAFA600FC7821D835E476A</key>
		<dict>
			<key>buildActionMask</key>
			<string>2147483647</string>
			<key>files</key>
			<array/>
			<key>inputPaths</key>
			<array/>
			<key>isa</key>
			<string>PBXShellScriptBuildPhase</string>
			<key>name</key>
			<string>[CP] Check Pods Manifest.lock</string>
			<key>outputPaths</key>
			<array/>
			<key>runOnlyForDeploymentPostprocessing</key>
			<string>0</string>
			<key>shellPath</key>
			<string>/bin/sh</string>
			<key>shellScript</key>
			<string>diff "${PODS_ROOT}/../Podfile.lock" "${PODS_ROOT}/Manifest.lock" &gt; /dev/null
if [[ $? != 0 ]] ; then
    cat &lt;&lt; EOM
error: The sandbox is not in sync with the Podfile.lock. Run 'pod install' or update your CocoaPods installation.
EOM
    exit 1
fi
</string>
			<key>showEnvVarsInLog</key>
			<string>0</string>
		</dict>
		<key>4F49629DF8931134CADCF722</key>
		<dict>
			<key>fileRef</key>
			<string>CF716B2146A8851D163AD3D9</string>
			<key>isa</key>
			<string>PBXBuildFile</string>
		</dict>
		<key>59E6CC5AF3A827D98D24481B</key>
		<dict>
			<key>fileRef</key>
			<string>CD7BBFEB66CA5FE6FEB05CA2</string>
			<key>isa</key>
			<string>PBXBuildFile</string>
		</dict>
		<key>642448CD55C207305F7169C0</key>
		<dict>
			<key>buildActionMask</key>
			<string>2147483647</string>
			<key>files</key>
			<array/>
			<key>inputPaths</key>
			<array/>
			<key>isa</key>
			<string>PBXShellScriptBuildPhase</string>
			<key>name</key>
			<string>[CP] Check Pods Manifest.lock</string>
			<key>outputPaths</key>
			<array/>
			<key>runOnlyForDeploymentPostprocessing</key>
			<string>0</string>
			<key>shellPath</key>
			<string>/bin/sh</string>
			<key>shellScript</key>
			<string>diff "${PODS_ROOT}/../Podfile.lock" "${PODS_ROOT}/Manifest.lock" &gt; /dev/null
if [[ $? != 0 ]] ; then
    cat &lt;&lt; EOM
error: The sandbox is not in sync with the Podfile.lock. Run 'pod install' or update your CocoaPods installation.
EOM
    exit 1
fi
</string>
			<key>showEnvVarsInLog</key>
			<string>0</string>
		</dict>
		<key>6D997063FE41C766F0C8B6A2</key>
		<dict>
			<key>buildActionMask</key>
			<string>2147483647</string>
			<key>files</key>
			<array/>
			<key>inputPaths</key>
			<array/>
			<key>isa</key>
			<string>PBXShellScriptBuildPhase</string>
			<key>name</key>
			<string>[CP] Copy Pods Resources</string>
			<key>outputPaths</key>
			<array/>
			<key>runOnlyForDeploymentPostprocessing</key>
			<string>0</string>
			<key>shellPath</key>
			<string>/bin/sh</string>
			<key>shellScript</key>
			<string>"${SRCROOT}/Pods/Target Support Files/Pods-Transport4ChurchTests/Pods-Transport4ChurchTests-resources.sh"
</string>
			<key>showEnvVarsInLog</key>
			<string>0</string>
		</dict>
		<key>860BB8DC7ACFFA8A5F821177</key>
		<dict>
			<key>includeInIndex</key>
			<string>1</string>
			<key>isa</key>
			<string>PBXFileReference</string>
			<key>lastKnownFileType</key>
			<string>text.xcconfig</string>
			<key>name</key>
			<string>Pods-Transport4Church.release.xcconfig</string>
			<key>path</key>
			<string>Pods/Target Support Files/Pods-Transport4Church/Pods-Transport4Church.release.xcconfig</string>
			<key>sourceTree</key>
			<string>&lt;group&gt;</string>
		</dict>
		<key>997C65FD9749617D13902C7E</key>
		<dict>
			<key>buildActionMask</key>
			<string>2147483647</string>
			<key>files</key>
			<array/>
			<key>inputPaths</key>
			<array/>
			<key>isa</key>
			<string>PBXShellScriptBuildPhase</string>
			<key>name</key>
			<string>Embed Pods Frameworks</string>
			<key>outputPaths</key>
			<array/>
			<key>runOnlyForDeploymentPostprocessing</key>
			<string>0</string>
			<key>shellPath</key>
			<string>/bin/sh</string>
			<key>shellScript</key>
			<string>"${SRCROOT}/Pods/Target Support Files/Pods-Transport4Church/Pods-Transport4Church-frameworks.sh"
</string>
			<key>showEnvVarsInLog</key>
			<string>0</string>
		</dict>
		<key>AD3389B6AE8E9ED396B265AB</key>
		<dict>
			<key>explicitFileType</key>
			<string>wrapper.framework</string>
			<key>includeInIndex</key>
			<string>0</string>
			<key>isa</key>
			<string>PBXFileReference</string>
			<key>path</key>
			<string>Pods_Transport4Church.framework</string>
			<key>sourceTree</key>
			<string>BUILT_PRODUCTS_DIR</string>
		</dict>
		<key>AE9329980DE57A7FEF9BE8AA</key>
		<dict>
			<key>children</key>
			<array>
				<string>1E3A4D8FC5519975B3702AF5</string>
				<string>860BB8DC7ACFFA8A5F821177</string>
				<string>0FDA6FFF19D53FAD4F0BB6B8</string>
				<string>3A9A3511D2F7458141EEDB47</string>
				<string>46A97FF25810D397CD614581</string>
				<string>43674C7AFD10E409ECBAA189</string>
			</array>
			<key>isa</key>
			<string>PBXGroup</string>
			<key>name</key>
			<string>Pods</string>
			<key>sourceTree</key>
			<string>&lt;group&gt;</string>
		</dict>
		<key>B4C3297F68854D5D52C462AC</key>
		<dict>
			<key>buildActionMask</key>
			<string>2147483647</string>
			<key>files</key>
			<array/>
			<key>inputPaths</key>
			<array/>
			<key>isa</key>
			<string>PBXShellScriptBuildPhase</string>
			<key>name</key>
			<string>[CP] Check Pods Manifest.lock</string>
			<key>outputPaths</key>
			<array/>
			<key>runOnlyForDeploymentPostprocessing</key>
			<string>0</string>
			<key>shellPath</key>
			<string>/bin/sh</string>
			<key>shellScript</key>
			<string>diff "${PODS_ROOT}/../Podfile.lock" "${PODS_ROOT}/Manifest.lock" &gt; /dev/null
if [[ $? != 0 ]] ; then
    cat &lt;&lt; EOM
error: The sandbox is not in sync with the Podfile.lock. Run 'pod install' or update your CocoaPods installation.
EOM
    exit 1
fi
</string>
			<key>showEnvVarsInLog</key>
			<string>0</string>
		</dict>
		<key>BE660D48D3DD2729BE3AD5B0</key>
		<dict>
			<key>buildActionMask</key>
			<string>2147483647</string>
			<key>files</key>
			<array/>
			<key>inputPaths</key>
			<array/>
			<key>isa</key>
			<string>PBXShellScriptBuildPhase</string>
			<key>name</key>
			<string>[CP] Copy Pods Resources</string>
			<key>outputPaths</key>
			<array/>
			<key>runOnlyForDeploymentPostprocessing</key>
			<string>0</string>
			<key>shellPath</key>
			<string>/bin/sh</string>
			<key>shellScript</key>
			<string>"${SRCROOT}/Pods/Target Support Files/Pods-Transport4Church/Pods-Transport4Church-resources.sh"
</string>
			<key>showEnvVarsInLog</key>
			<string>0</string>
		</dict>
		<key>BF467F1C80AD15B1100D7A75</key>
		<dict>
			<key>buildActionMask</key>
			<string>2147483647</string>
			<key>files</key>
			<array/>
			<key>inputPaths</key>
			<array/>
			<key>isa</key>
			<string>PBXShellScriptBuildPhase</string>
			<key>name</key>
			<string>[CP] Embed Pods Frameworks</string>
			<key>outputPaths</key>
			<array/>
			<key>runOnlyForDeploymentPostprocessing</key>
			<string>0</string>
			<key>shellPath</key>
			<string>/bin/sh</string>
			<key>shellScript</key>
			<string>"${SRCROOT}/Pods/Target Support Files/Pods-Transport4Church/Pods-Transport4Church-frameworks.sh"
</string>
			<key>showEnvVarsInLog</key>
			<string>0</string>
		</dict>
		<key>C1D289DA8DD6BD2453F3D955</key>
		<dict>
			<key>buildActionMask</key>
			<string>2147483647</string>
			<key>files</key>
			<array/>
			<key>inputPaths</key>
			<array/>
			<key>isa</key>
			<string>PBXShellScriptBuildPhase</string>
			<key>name</key>
			<string>[CP] Copy Pods Resources</string>
			<key>outputPaths</key>
			<array/>
			<key>runOnlyForDeploymentPostprocessing</key>
			<string>0</string>
			<key>shellPath</key>
			<string>/bin/sh</string>
			<key>shellScript</key>
			<string>"${SRCROOT}/Pods/Target Support Files/Pods-Transport4ChurchUITests/Pods-Transport4ChurchUITests-resources.sh"
</string>
			<key>showEnvVarsInLog</key>
			<string>0</string>
		</dict>
		<key>CD7BBFEB66CA5FE6FEB05CA2</key>
		<dict>
			<key>explicitFileType</key>
			<string>wrapper.framework</string>
			<key>includeInIndex</key>
			<string>0</string>
			<key>isa</key>
			<string>PBXFileReference</string>
			<key>path</key>
			<string>Pods_Transport4ChurchTests.framework</string>
			<key>sourceTree</key>
			<string>BUILT_PRODUCTS_DIR</string>
		</dict>
		<key>CF716B2146A8851D163AD3D9</key>
		<dict>
			<key>explicitFileType</key>
			<string>wrapper.framework</string>
			<key>includeInIndex</key>
			<string>0</string>
			<key>isa</key>
			<string>PBXFileReference</string>
			<key>path</key>
			<string>Pods_Transport4ChurchUITests.framework</string>
			<key>sourceTree</key>
			<string>BUILT_PRODUCTS_DIR</string>
		</dict>
		<key>E641A87BC505824D6A80F35B</key>
		<dict>
			<key>buildActionMask</key>
			<string>2147483647</string>
			<key>files</key>
			<array/>
			<key>inputPaths</key>
			<array/>
			<key>isa</key>
			<string>PBXShellScriptBuildPhase</string>
			<key>name</key>
			<string>[CP] Embed Pods Frameworks</string>
			<key>outputPaths</key>
			<array/>
			<key>runOnlyForDeploymentPostprocessing</key>
			<string>0</string>
			<key>shellPath</key>
			<string>/bin/sh</string>
			<key>shellScript</key>
			<string>"${SRCROOT}/Pods/Target Support Files/Pods-Transport4ChurchTests/Pods-Transport4ChurchTests-frameworks.sh"
</string>
			<key>showEnvVarsInLog</key>
			<string>0</string>
		</dict>
	</dict>
	<key>rootObject</key>
	<string>04DD3C0E1D57A72C00DEBB32</string>
</dict>
</plist>
