PODS:
  - Alamofire (3.4.2)
  - Bolts/Tasks (1.8.4)
  - Eureka (1.7.0)
  - GoogleMaps (2.0.1):
    - GoogleMaps/Maps (= 2.0.1)
  - GoogleMaps/Base (2.0.1)
  - GoogleMaps/Maps (2.0.1):
    - GoogleMaps/Base (= 2.0.1)
  - GooglePlacePicker (2.0.1):
    - GoogleMaps (= 2.0.1)
    - GooglePlaces (= 2.0.1)
  - GooglePlaces (2.0.1):
    - GoogleMaps/Base (= 2.0.1)
  - NVActivityIndicatorView (2.10)
  - Parse (1.14.2):
    - Bolts/Tasks (~> 1.8)
  - SCLAlertView (0.6.0)
  - Socket.IO-Client-Swift (7.0.3)
  - SwiftyJSON (2.3.2)

DEPENDENCIES:
  - Alamofire
  - Eureka (~> 1.7)
  - GoogleMaps
  - GooglePlacePicker
  - GooglePlaces
  - NVActivityIndicatorView
  - Parse
  - SCLAlertView
  - Socket.IO-Client-Swift
  - SwiftyJSON

SPEC CHECKSUMS:
  Alamofire: 6aa33201d20d069e1598891cf928883ff1888c7a
  Bolts: 8a7995239dbe724f9cba2248b766d48b7ebdd322
  Eureka: 2020d9faeef7b7e9adeb9e3d8af779e5931c1897
  GoogleMaps: f09da64fc987c1aa29394567c3cab5a3df83c402
  GooglePlacePicker: e7b11b732e40dbe76e8ab4c5fc2f4a7c32b96578
  GooglePlaces: 72fab1d1651c6df0322f2aad245ffb15b80d3c56
  NVActivityIndicatorView: 5568608c3511690a42c4dd02f7a1de4361d670ae
  Parse: 4335d65f40cb3d43190d723144bbe1afb9c38230
  SCLAlertView: 0f6b3c23a48b4993564ff1dd3c065782e4b2b687
  Socket.IO-Client-Swift: cca640f81f8856278c8bcd56ea42d1d070a011b6
  SwiftyJSON: 04ccea08915aa0109039157c7974cf0298da292a

PODFILE CHECKSUM: 0bb3366285366875923d04db59f1f3ad5a3166ce

COCOAPODS: 1.1.0.rc.1
